Microsoft Visual Studio Solution File, Format Version 13.00
# Visual Studio 2013
Project("{2150E333-8FDC-42A3-9474-1A3956D46DE8}") = "(allocator)", "..\..\base\allocator", "{6478B9F3-4858-63F4-35F4-98A303E305F3}"
EndProject
Project("{2150E333-8FDC-42A3-9474-1A3956D46DE8}") = "(base)", "..\..\base", "{9785FB75-982A-5DE3-252D-3F288B9FEF5B}"
EndProject
Project("{2150E333-8FDC-42A3-9474-1A3956D46DE8}") = "(dynamic_annotations)", "..\..\base\third_party\dynamic_annotations", "{EF1E4970-C119-B0D7-F5D6-321C6AE66EDC}"
EndProject
Project("{2150E333-8FDC-42A3-9474-1A3956D46DE8}") = "(icu)", "..\..\third_party\icu", "{2DE59335-96CE-10CA-CDE5-FEC35E3549BB}"
EndProject
Project("{2150E333-8FDC-42A3-9474-1A3956D46DE8}") = "(modp_b64)", "..\..\third_party\modp_b64", "{3DC53144-5334-1B74-C233-23BEE3D8EABD}"
EndProject
Project("{2150E333-8FDC-42A3-9474-1A3956D46DE8}") = "(testing)", "..\..\testing", "{EAC80D00-01D2-3F49-A377-20B7154947F3}"
EndProject
Project("{2150E333-8FDC-42A3-9474-1A3956D46DE8}") = "(third_party)", "..\..\base\third_party", "{3E7FA5AF-27B3-2DE0-883C-12F98E7F4E81}"
EndProject
Project("{2150E333-8FDC-42A3-9474-1A3956D46DE8}") = "(third_party)", "..\..\third_party", "{89C816A7-DD31-D54C-C69C-5A80E0C49B77}"
EndProject
Project("{8BC9CEB8-8B4A-11D0-8D11-00A0C91BC942}") = "allocator", "allocator\allocator.vcxproj", "{A5B5873A-E88B-062D-D00B-BE24F77B87D4}"
	ProjectSection(ProjectDependencies) = postProject
		{B2A86454-5165-779C-5264-DC80EC50CBC9} = {B2A86454-5165-779C-5264-DC80EC50CBC9}
	EndProjectSection
EndProject
Project("{8BC9CEB8-8B4A-11D0-8D11-00A0C91BC942}") = "allocator_extension_thunks", "allocator\allocator_extension_thunks.vcxproj", "{C1DAF26E-2EB4-5ACB-B14F-63FAC34FE78B}"
EndProject
Project("{8BC9CEB8-8B4A-11D0-8D11-00A0C91BC942}") = "allocator_extension_thunks_win64", "allocator\allocator_extension_thunks_win64.vcxproj", "{09543265-EB27-1F8A-E7C4-3DDDFF05E146}"
EndProject
Project("{8BC9CEB8-8B4A-11D0-8D11-00A0C91BC942}") = "base", "base.vcxproj", "{9F243C00-D946-A8FE-6635-62E5C6156C53}"
	ProjectSection(ProjectDependencies) = postProject
		{BEEAF22C-E123-29C3-157E-44C9D6E557CB} = {BEEAF22C-E123-29C3-157E-44C9D6E557CB}
	EndProjectSection
EndProject
Project("{8BC9CEB8-8B4A-11D0-8D11-00A0C91BC942}") = "base_i18n", "base_i18n.vcxproj", "{8E47CDEA-25A7-191D-CBCB-3970858E1608}"
EndProject
Project("{8BC9CEB8-8B4A-11D0-8D11-00A0C91BC942}") = "base_i18n_nacl_win64", "base_i18n_nacl_win64.vcxproj", "{B71C701A-6C36-B25E-6F75-7A6A7FD4DD30}"
EndProject
Project("{8BC9CEB8-8B4A-11D0-8D11-00A0C91BC942}") = "base_i18n_perftests", "base_i18n_perftests.vcxproj", "{70BAE6E2-4715-CFAC-D8DE-1076AAEC1D73}"
	ProjectSection(ProjectDependencies) = postProject
		{8EF7DD73-C2DC-E136-FAE6-0D7F03219C56} = {8EF7DD73-C2DC-E136-FAE6-0D7F03219C56}
		{B13821AA-AB1E-19F2-7ED2-28C3FB568F31} = {B13821AA-AB1E-19F2-7ED2-28C3FB568F31}
		{D3A3C2BC-AE41-DED9-E35B-6625AC56143F} = {D3A3C2BC-AE41-DED9-E35B-6625AC56143F}
		{8E47CDEA-25A7-191D-CBCB-3970858E1608} = {8E47CDEA-25A7-191D-CBCB-3970858E1608}
		{9F243C00-D946-A8FE-6635-62E5C6156C53} = {9F243C00-D946-A8FE-6635-62E5C6156C53}
		{DA6C1955-72CB-2D2E-387A-CF7AA864E5B0} = {DA6C1955-72CB-2D2E-387A-CF7AA864E5B0}
		{C1DAF26E-2EB4-5ACB-B14F-63FAC34FE78B} = {C1DAF26E-2EB4-5ACB-B14F-63FAC34FE78B}
		{BEEAF22C-E123-29C3-157E-44C9D6E557CB} = {BEEAF22C-E123-29C3-157E-44C9D6E557CB}
		{E3BE9494-42B3-088D-7B04-78249CCF9120} = {E3BE9494-42B3-088D-7B04-78249CCF9120}
		{10F79D67-3CCF-91C0-1CA3-983876CFE57F} = {10F79D67-3CCF-91C0-1CA3-983876CFE57F}
		{4670024F-D707-8939-5502-56D6716C305B} = {4670024F-D707-8939-5502-56D6716C305B}
		{02D779A1-2A01-7945-9DCD-AE0DCE064D24} = {02D779A1-2A01-7945-9DCD-AE0DCE064D24}
		{29BAB5CB-2BE9-AFA2-00D1-95BF10E50020} = {29BAB5CB-2BE9-AFA2-00D1-95BF10E50020}
		{549DCD52-F8F0-E6E2-07EB-1A96F97AA3F4} = {549DCD52-F8F0-E6E2-07EB-1A96F97AA3F4}
		{33BAE79E-504D-301F-C6A3-86C3786A6A28} = {33BAE79E-504D-301F-C6A3-86C3786A6A28}
		{ECE47A89-58D6-2E68-C179-853DEF3B491F} = {ECE47A89-58D6-2E68-C179-853DEF3B491F}
		{98F88787-7C49-30E8-D907-A5C12DD9EAA9} = {98F88787-7C49-30E8-D907-A5C12DD9EAA9}
	EndProjectSection
EndProject
Project("{8BC9CEB8-8B4A-11D0-8D11-00A0C91BC942}") = "base_message_loop_tests", "base_message_loop_tests.vcxproj", "{EA809367-3667-A0A5-1C49-2B292C0AA713}"
EndProject
Project("{8BC9CEB8-8B4A-11D0-8D11-00A0C91BC942}") = "base_perftests", "base_perftests.vcxproj", "{C1E5236C-367C-E5BF-F804-87B2C75AE9A1}"
	ProjectSection(ProjectDependencies) = postProject
		{9F243C00-D946-A8FE-6635-62E5C6156C53} = {9F243C00-D946-A8FE-6635-62E5C6156C53}
		{8EF7DD73-C2DC-E136-FAE6-0D7F03219C56} = {8EF7DD73-C2DC-E136-FAE6-0D7F03219C56}
		{D3A3C2BC-AE41-DED9-E35B-6625AC56143F} = {D3A3C2BC-AE41-DED9-E35B-6625AC56143F}
		{DA6C1955-72CB-2D2E-387A-CF7AA864E5B0} = {DA6C1955-72CB-2D2E-387A-CF7AA864E5B0}
		{C1DAF26E-2EB4-5ACB-B14F-63FAC34FE78B} = {C1DAF26E-2EB4-5ACB-B14F-63FAC34FE78B}
		{BEEAF22C-E123-29C3-157E-44C9D6E557CB} = {BEEAF22C-E123-29C3-157E-44C9D6E557CB}
		{E3BE9494-42B3-088D-7B04-78249CCF9120} = {E3BE9494-42B3-088D-7B04-78249CCF9120}
		{10F79D67-3CCF-91C0-1CA3-983876CFE57F} = {10F79D67-3CCF-91C0-1CA3-983876CFE57F}
		{8E47CDEA-25A7-191D-CBCB-3970858E1608} = {8E47CDEA-25A7-191D-CBCB-3970858E1608}
		{4670024F-D707-8939-5502-56D6716C305B} = {4670024F-D707-8939-5502-56D6716C305B}
		{02D779A1-2A01-7945-9DCD-AE0DCE064D24} = {02D779A1-2A01-7945-9DCD-AE0DCE064D24}
		{29BAB5CB-2BE9-AFA2-00D1-95BF10E50020} = {29BAB5CB-2BE9-AFA2-00D1-95BF10E50020}
		{549DCD52-F8F0-E6E2-07EB-1A96F97AA3F4} = {549DCD52-F8F0-E6E2-07EB-1A96F97AA3F4}
		{33BAE79E-504D-301F-C6A3-86C3786A6A28} = {33BAE79E-504D-301F-C6A3-86C3786A6A28}
		{ECE47A89-58D6-2E68-C179-853DEF3B491F} = {ECE47A89-58D6-2E68-C179-853DEF3B491F}
		{98F88787-7C49-30E8-D907-A5C12DD9EAA9} = {98F88787-7C49-30E8-D907-A5C12DD9EAA9}
	EndProjectSection
EndProject
Project("{8BC9CEB8-8B4A-11D0-8D11-00A0C91BC942}") = "base_prefs", "base_prefs.vcxproj", "{FD084BD7-923A-E1B6-BC68-D48862A047CD}"
EndProject
Project("{8BC9CEB8-8B4A-11D0-8D11-00A0C91BC942}") = "base_prefs_test_support", "base_prefs_test_support.vcxproj", "{614C07D3-CC81-CB63-EF36-05C01DB2F3BB}"
EndProject
Project("{8BC9CEB8-8B4A-11D0-8D11-00A0C91BC942}") = "base_static", "base_static.vcxproj", "{DA6C1955-72CB-2D2E-387A-CF7AA864E5B0}"
EndProject
Project("{8BC9CEB8-8B4A-11D0-8D11-00A0C91BC942}") = "base_static_win64", "base_static_win64.vcxproj", "{6C6EED1D-0637-2CBE-D32D-6BE9FD87D1DD}"
EndProject
Project("{8BC9CEB8-8B4A-11D0-8D11-00A0C91BC942}") = "base_unittests", "base_unittests.vcxproj", "{6F1909E7-57BB-76E1-D151-06ADE6DAAA1D}"
	ProjectSection(ProjectDependencies) = postProject
		{9F243C00-D946-A8FE-6635-62E5C6156C53} = {9F243C00-D946-A8FE-6635-62E5C6156C53}
		{8E47CDEA-25A7-191D-CBCB-3970858E1608} = {8E47CDEA-25A7-191D-CBCB-3970858E1608}
		{EA809367-3667-A0A5-1C49-2B292C0AA713} = {EA809367-3667-A0A5-1C49-2B292C0AA713}
		{FD084BD7-923A-E1B6-BC68-D48862A047CD} = {FD084BD7-923A-E1B6-BC68-D48862A047CD}
		{614C07D3-CC81-CB63-EF36-05C01DB2F3BB} = {614C07D3-CC81-CB63-EF36-05C01DB2F3BB}
		{DA6C1955-72CB-2D2E-387A-CF7AA864E5B0} = {DA6C1955-72CB-2D2E-387A-CF7AA864E5B0}
		{E7BF18E3-B79A-DE12-7B50-0AE7D0220957} = {E7BF18E3-B79A-DE12-7B50-0AE7D0220957}
		{8EF7DD73-C2DC-E136-FAE6-0D7F03219C56} = {8EF7DD73-C2DC-E136-FAE6-0D7F03219C56}
		{10F79D67-3CCF-91C0-1CA3-983876CFE57F} = {10F79D67-3CCF-91C0-1CA3-983876CFE57F}
		{33BAE79E-504D-301F-C6A3-86C3786A6A28} = {33BAE79E-504D-301F-C6A3-86C3786A6A28}
		{D3A3C2BC-AE41-DED9-E35B-6625AC56143F} = {D3A3C2BC-AE41-DED9-E35B-6625AC56143F}
		{4670024F-D707-8939-5502-56D6716C305B} = {4670024F-D707-8939-5502-56D6716C305B}
		{02D779A1-2A01-7945-9DCD-AE0DCE064D24} = {02D779A1-2A01-7945-9DCD-AE0DCE064D24}
		{A5B5873A-E88B-062D-D00B-BE24F77B87D4} = {A5B5873A-E88B-062D-D00B-BE24F77B87D4}
		{C1DAF26E-2EB4-5ACB-B14F-63FAC34FE78B} = {C1DAF26E-2EB4-5ACB-B14F-63FAC34FE78B}
		{BEEAF22C-E123-29C3-157E-44C9D6E557CB} = {BEEAF22C-E123-29C3-157E-44C9D6E557CB}
		{E3BE9494-42B3-088D-7B04-78249CCF9120} = {E3BE9494-42B3-088D-7B04-78249CCF9120}
		{29BAB5CB-2BE9-AFA2-00D1-95BF10E50020} = {29BAB5CB-2BE9-AFA2-00D1-95BF10E50020}
		{549DCD52-F8F0-E6E2-07EB-1A96F97AA3F4} = {549DCD52-F8F0-E6E2-07EB-1A96F97AA3F4}
		{ECE47A89-58D6-2E68-C179-853DEF3B491F} = {ECE47A89-58D6-2E68-C179-853DEF3B491F}
		{98F88787-7C49-30E8-D907-A5C12DD9EAA9} = {98F88787-7C49-30E8-D907-A5C12DD9EAA9}
		{B2A86454-5165-779C-5264-DC80EC50CBC9} = {B2A86454-5165-779C-5264-DC80EC50CBC9}
	EndProjectSection
EndProject
Project("{8BC9CEB8-8B4A-11D0-8D11-00A0C91BC942}") = "base_unittests_run", "base_unittests_run.vcxproj", "{EF52700F-0600-5BEA-1531-DB92067640B2}"
	ProjectSection(ProjectDependencies) = postProject
		{6F1909E7-57BB-76E1-D151-06ADE6DAAA1D} = {6F1909E7-57BB-76E1-D151-06ADE6DAAA1D}
	EndProjectSection
EndProject
Project("{8BC9CEB8-8B4A-11D0-8D11-00A0C91BC942}") = "base_win64", "base_win64.vcxproj", "{16B835F4-83D8-F9AA-FF2F-EFD03C8BC4E1}"
EndProject
Project("{8BC9CEB8-8B4A-11D0-8D11-00A0C91BC942}") = "build_utf8_validator_tables", "build_utf8_validator_tables.vcxproj", "{A06B3BE3-10D6-74EC-5511-AB2813E4C1EF}"
	ProjectSection(ProjectDependencies) = postProject
		{9F243C00-D946-A8FE-6635-62E5C6156C53} = {9F243C00-D946-A8FE-6635-62E5C6156C53}
		{02D779A1-2A01-7945-9DCD-AE0DCE064D24} = {02D779A1-2A01-7945-9DCD-AE0DCE064D24}
		{DA6C1955-72CB-2D2E-387A-CF7AA864E5B0} = {DA6C1955-72CB-2D2E-387A-CF7AA864E5B0}
		{C1DAF26E-2EB4-5ACB-B14F-63FAC34FE78B} = {C1DAF26E-2EB4-5ACB-B14F-63FAC34FE78B}
		{BEEAF22C-E123-29C3-157E-44C9D6E557CB} = {BEEAF22C-E123-29C3-157E-44C9D6E557CB}
		{E3BE9494-42B3-088D-7B04-78249CCF9120} = {E3BE9494-42B3-088D-7B04-78249CCF9120}
		{10F79D67-3CCF-91C0-1CA3-983876CFE57F} = {10F79D67-3CCF-91C0-1CA3-983876CFE57F}
		{29BAB5CB-2BE9-AFA2-00D1-95BF10E50020} = {29BAB5CB-2BE9-AFA2-00D1-95BF10E50020}
		{549DCD52-F8F0-E6E2-07EB-1A96F97AA3F4} = {549DCD52-F8F0-E6E2-07EB-1A96F97AA3F4}
	EndProjectSection
EndProject
Project("{8BC9CEB8-8B4A-11D0-8D11-00A0C91BC942}") = "check_example", "check_example.vcxproj", "{522987A0-79A6-C225-0036-50E12BB3C9BB}"
	ProjectSection(ProjectDependencies) = postProject
		{9F243C00-D946-A8FE-6635-62E5C6156C53} = {9F243C00-D946-A8FE-6635-62E5C6156C53}
		{DA6C1955-72CB-2D2E-387A-CF7AA864E5B0} = {DA6C1955-72CB-2D2E-387A-CF7AA864E5B0}
		{C1DAF26E-2EB4-5ACB-B14F-63FAC34FE78B} = {C1DAF26E-2EB4-5ACB-B14F-63FAC34FE78B}
		{BEEAF22C-E123-29C3-157E-44C9D6E557CB} = {BEEAF22C-E123-29C3-157E-44C9D6E557CB}
		{E3BE9494-42B3-088D-7B04-78249CCF9120} = {E3BE9494-42B3-088D-7B04-78249CCF9120}
		{10F79D67-3CCF-91C0-1CA3-983876CFE57F} = {10F79D67-3CCF-91C0-1CA3-983876CFE57F}
	EndProjectSection
EndProject
Project("{8BC9CEB8-8B4A-11D0-8D11-00A0C91BC942}") = "copy_icudtl_dat", "..\third_party\icu\copy_icudtl_dat.vcxproj", "{549DCD52-F8F0-E6E2-07EB-1A96F97AA3F4}"
EndProject
Project("{8BC9CEB8-8B4A-11D0-8D11-00A0C91BC942}") = "debug_message", "debug_message.vcxproj", "{FDC20F1A-8E20-9A9E-89D4-2C142EDDAD37}"
EndProject
Project("{8BC9CEB8-8B4A-11D0-8D11-00A0C91BC942}") = "dynamic_annotations", "third_party\dynamic_annotations\dynamic_annotations.vcxproj", "{10F79D67-3CCF-91C0-1CA3-983876CFE57F}"
EndProject
Project("{8BC9CEB8-8B4A-11D0-8D11-00A0C91BC942}") = "dynamic_annotations_win64", "third_party\dynamic_annotations\dynamic_annotations_win64.vcxproj", "{CF88D025-B9FD-2C53-BD53-827C684C046A}"
EndProject
Project("{8BC9CEB8-8B4A-11D0-8D11-00A0C91BC942}") = "gmock", "..\testing\gmock.vcxproj", "{33BAE79E-504D-301F-C6A3-86C3786A6A28}"
EndProject
Project("{8BC9CEB8-8B4A-11D0-8D11-00A0C91BC942}") = "gtest", "..\testing\gtest.vcxproj", "{D3A3C2BC-AE41-DED9-E35B-6625AC56143F}"
	ProjectSection(ProjectDependencies) = postProject
		{BEEAF22C-E123-29C3-157E-44C9D6E557CB} = {BEEAF22C-E123-29C3-157E-44C9D6E557CB}
	EndProjectSection
EndProject
Project("{8BC9CEB8-8B4A-11D0-8D11-00A0C91BC942}") = "gtest_prod", "..\testing\gtest_prod.vcxproj", "{BEEAF22C-E123-29C3-157E-44C9D6E557CB}"
EndProject
Project("{8BC9CEB8-8B4A-11D0-8D11-00A0C91BC942}") = "icudata", "..\third_party\icu\icudata.vcxproj", "{29BAB5CB-2BE9-AFA2-00D1-95BF10E50020}"
	ProjectSection(ProjectDependencies) = postProject
		{549DCD52-F8F0-E6E2-07EB-1A96F97AA3F4} = {549DCD52-F8F0-E6E2-07EB-1A96F97AA3F4}
	EndProjectSection
EndProject
Project("{8BC9CEB8-8B4A-11D0-8D11-00A0C91BC942}") = "icui18n", "..\third_party\icu\icui18n.vcxproj", "{4670024F-D707-8939-5502-56D6716C305B}"
EndProject
Project("{8BC9CEB8-8B4A-11D0-8D11-00A0C91BC942}") = "icuuc", "..\third_party\icu\icuuc.vcxproj", "{02D779A1-2A01-7945-9DCD-AE0DCE064D24}"
EndProject
Project("{8BC9CEB8-8B4A-11D0-8D11-00A0C91BC942}") = "libcmt", "allocator\libcmt.vcxproj", "{B2A86454-5165-779C-5264-DC80EC50CBC9}"
EndProject
Project("{8BC9CEB8-8B4A-11D0-8D11-00A0C91BC942}") = "libxml", "..\third_party\libxml\libxml.vcxproj", "{ECE47A89-58D6-2E68-C179-853DEF3B491F}"
EndProject
Project("{8BC9CEB8-8B4A-11D0-8D11-00A0C91BC942}") = "modp_b64", "..\third_party\modp_b64\modp_b64.vcxproj", "{E3BE9494-42B3-088D-7B04-78249CCF9120}"
EndProject
Project("{8BC9CEB8-8B4A-11D0-8D11-00A0C91BC942}") = "modp_b64_win64", "..\third_party\modp_b64\modp_b64_win64.vcxproj", "{B4DAF1F4-CC7C-CE2B-06D2-8F86415CE1EB}"
EndProject
Project("{8BC9CEB8-8B4A-11D0-8D11-00A0C91BC942}") = "run_all_unittests", "run_all_unittests.vcxproj", "{E7BF18E3-B79A-DE12-7B50-0AE7D0220957}"
EndProject
Project("{8BC9CEB8-8B4A-11D0-8D11-00A0C91BC942}") = "test_support_base", "test_support_base.vcxproj", "{8EF7DD73-C2DC-E136-FAE6-0D7F03219C56}"
EndProject
Project("{8BC9CEB8-8B4A-11D0-8D11-00A0C91BC942}") = "test_support_perf", "test_support_perf.vcxproj", "{B13821AA-AB1E-19F2-7ED2-28C3FB568F31}"
EndProject
Project("{8BC9CEB8-8B4A-11D0-8D11-00A0C91BC942}") = "zlib", "..\third_party\zlib\zlib.vcxproj", "{98F88787-7C49-30E8-D907-A5C12DD9EAA9}"
EndProject
Global
	GlobalSection(SolutionConfigurationPlatforms) = preSolution
		Debug|x64 = Debug|x64
		Debug|Win32 = Debug|Win32
		Release|x64 = Release|x64
		Release|Win32 = Release|Win32
	EndGlobalSection
	GlobalSection(ProjectConfigurationPlatforms) = postSolution
		{02D779A1-2A01-7945-9DCD-AE0DCE064D24}.Debug|x64.ActiveCfg = Debug|x64
		{02D779A1-2A01-7945-9DCD-AE0DCE064D24}.Debug|x64.Build.0 = Debug|x64
		{02D779A1-2A01-7945-9DCD-AE0DCE064D24}.Debug|Win32.ActiveCfg = Debug|Win32
		{02D779A1-2A01-7945-9DCD-AE0DCE064D24}.Debug|Win32.Build.0 = Debug|Win32
		{02D779A1-2A01-7945-9DCD-AE0DCE064D24}.Release|x64.ActiveCfg = Release|x64
		{02D779A1-2A01-7945-9DCD-AE0DCE064D24}.Release|x64.Build.0 = Release|x64
		{02D779A1-2A01-7945-9DCD-AE0DCE064D24}.Release|Win32.ActiveCfg = Release|Win32
		{02D779A1-2A01-7945-9DCD-AE0DCE064D24}.Release|Win32.Build.0 = Release|Win32
		{09543265-EB27-1F8A-E7C4-3DDDFF05E146}.Debug|x64.ActiveCfg = Debug|x64
		{09543265-EB27-1F8A-E7C4-3DDDFF05E146}.Debug|x64.Build.0 = Debug|x64
		{09543265-EB27-1F8A-E7C4-3DDDFF05E146}.Debug|Win32.ActiveCfg = Debug|x64
		{09543265-EB27-1F8A-E7C4-3DDDFF05E146}.Debug|Win32.Build.0 = Debug|x64
		{09543265-EB27-1F8A-E7C4-3DDDFF05E146}.Release|x64.ActiveCfg = Release|x64
		{09543265-EB27-1F8A-E7C4-3DDDFF05E146}.Release|x64.Build.0 = Release|x64
		{09543265-EB27-1F8A-E7C4-3DDDFF05E146}.Release|Win32.ActiveCfg = Release|x64
		{09543265-EB27-1F8A-E7C4-3DDDFF05E146}.Release|Win32.Build.0 = Release|x64
		{10F79D67-3CCF-91C0-1CA3-983876CFE57F}.Debug|x64.ActiveCfg = Debug|x64
		{10F79D67-3CCF-91C0-1CA3-983876CFE57F}.Debug|x64.Build.0 = Debug|x64
		{10F79D67-3CCF-91C0-1CA3-983876CFE57F}.Debug|Win32.ActiveCfg = Debug|Win32
		{10F79D67-3CCF-91C0-1CA3-983876CFE57F}.Debug|Win32.Build.0 = Debug|Win32
		{10F79D67-3CCF-91C0-1CA3-983876CFE57F}.Release|x64.ActiveCfg = Release|x64
		{10F79D67-3CCF-91C0-1CA3-983876CFE57F}.Release|x64.Build.0 = Release|x64
		{10F79D67-3CCF-91C0-1CA3-983876CFE57F}.Release|Win32.ActiveCfg = Release|Win32
		{10F79D67-3CCF-91C0-1CA3-983876CFE57F}.Release|Win32.Build.0 = Release|Win32
		{16B835F4-83D8-F9AA-FF2F-EFD03C8BC4E1}.Debug|x64.ActiveCfg = Debug|x64
		{16B835F4-83D8-F9AA-FF2F-EFD03C8BC4E1}.Debug|x64.Build.0 = Debug|x64
		{16B835F4-83D8-F9AA-FF2F-EFD03C8BC4E1}.Debug|Win32.ActiveCfg = Debug|x64
		{16B835F4-83D8-F9AA-FF2F-EFD03C8BC4E1}.Debug|Win32.Build.0 = Debug|x64
		{16B835F4-83D8-F9AA-FF2F-EFD03C8BC4E1}.Release|x64.ActiveCfg = Release|x64
		{16B835F4-83D8-F9AA-FF2F-EFD03C8BC4E1}.Release|x64.Build.0 = Release|x64
		{16B835F4-83D8-F9AA-FF2F-EFD03C8BC4E1}.Release|Win32.ActiveCfg = Release|x64
		{16B835F4-83D8-F9AA-FF2F-EFD03C8BC4E1}.Release|Win32.Build.0 = Release|x64
		{29BAB5CB-2BE9-AFA2-00D1-95BF10E50020}.Debug|x64.ActiveCfg = Debug|x64
		{29BAB5CB-2BE9-AFA2-00D1-95BF10E50020}.Debug|x64.Build.0 = Debug|x64
		{29BAB5CB-2BE9-AFA2-00D1-95BF10E50020}.Debug|Win32.ActiveCfg = Debug|Win32
		{29BAB5CB-2BE9-AFA2-00D1-95BF10E50020}.Debug|Win32.Build.0 = Debug|Win32
		{29BAB5CB-2BE9-AFA2-00D1-95BF10E50020}.Release|x64.ActiveCfg = Release|x64
		{29BAB5CB-2BE9-AFA2-00D1-95BF10E50020}.Release|x64.Build.0 = Release|x64
		{29BAB5CB-2BE9-AFA2-00D1-95BF10E50020}.Release|Win32.ActiveCfg = Release|Win32
		{29BAB5CB-2BE9-AFA2-00D1-95BF10E50020}.Release|Win32.Build.0 = Release|Win32
		{33BAE79E-504D-301F-C6A3-86C3786A6A28}.Debug|x64.ActiveCfg = Debug|x64
		{33BAE79E-504D-301F-C6A3-86C3786A6A28}.Debug|x64.Build.0 = Debug|x64
		{33BAE79E-504D-301F-C6A3-86C3786A6A28}.Debug|Win32.ActiveCfg = Debug|Win32
		{33BAE79E-504D-301F-C6A3-86C3786A6A28}.Debug|Win32.Build.0 = Debug|Win32
		{33BAE79E-504D-301F-C6A3-86C3786A6A28}.Release|x64.ActiveCfg = Release|x64
		{33BAE79E-504D-301F-C6A3-86C3786A6A28}.Release|x64.Build.0 = Release|x64
		{33BAE79E-504D-301F-C6A3-86C3786A6A28}.Release|Win32.ActiveCfg = Release|Win32
		{33BAE79E-504D-301F-C6A3-86C3786A6A28}.Release|Win32.Build.0 = Release|Win32
		{4670024F-D707-8939-5502-56D6716C305B}.Debug|x64.ActiveCfg = Debug|x64
		{4670024F-D707-8939-5502-56D6716C305B}.Debug|x64.Build.0 = Debug|x64
		{4670024F-D707-8939-5502-56D6716C305B}.Debug|Win32.ActiveCfg = Debug|Win32
		{4670024F-D707-8939-5502-56D6716C305B}.Debug|Win32.Build.0 = Debug|Win32
		{4670024F-D707-8939-5502-56D6716C305B}.Release|x64.ActiveCfg = Release|x64
		{4670024F-D707-8939-5502-56D6716C305B}.Release|x64.Build.0 = Release|x64
		{4670024F-D707-8939-5502-56D6716C305B}.Release|Win32.ActiveCfg = Release|Win32
		{4670024F-D707-8939-5502-56D6716C305B}.Release|Win32.Build.0 = Release|Win32
		{522987A0-79A6-C225-0036-50E12BB3C9BB}.Debug|x64.ActiveCfg = Debug|x64
		{522987A0-79A6-C225-0036-50E12BB3C9BB}.Debug|x64.Build.0 = Debug|x64
		{522987A0-79A6-C225-0036-50E12BB3C9BB}.Debug|Win32.ActiveCfg = Debug|Win32
		{522987A0-79A6-C225-0036-50E12BB3C9BB}.Debug|Win32.Build.0 = Debug|Win32
		{522987A0-79A6-C225-0036-50E12BB3C9BB}.Release|x64.ActiveCfg = Release|x64
		{522987A0-79A6-C225-0036-50E12BB3C9BB}.Release|x64.Build.0 = Release|x64
		{522987A0-79A6-C225-0036-50E12BB3C9BB}.Release|Win32.ActiveCfg = Release|Win32
		{522987A0-79A6-C225-0036-50E12BB3C9BB}.Release|Win32.Build.0 = Release|Win32
		{549DCD52-F8F0-E6E2-07EB-1A96F97AA3F4}.Debug|x64.ActiveCfg = Debug|x64
		{549DCD52-F8F0-E6E2-07EB-1A96F97AA3F4}.Debug|x64.Build.0 = Debug|x64
		{549DCD52-F8F0-E6E2-07EB-1A96F97AA3F4}.Debug|Win32.ActiveCfg = Debug|Win32
		{549DCD52-F8F0-E6E2-07EB-1A96F97AA3F4}.Debug|Win32.Build.0 = Debug|Win32
		{549DCD52-F8F0-E6E2-07EB-1A96F97AA3F4}.Release|x64.ActiveCfg = Release|x64
		{549DCD52-F8F0-E6E2-07EB-1A96F97AA3F4}.Release|x64.Build.0 = Release|x64
		{549DCD52-F8F0-E6E2-07EB-1A96F97AA3F4}.Release|Win32.ActiveCfg = Release|Win32
		{549DCD52-F8F0-E6E2-07EB-1A96F97AA3F4}.Release|Win32.Build.0 = Release|Win32
		{614C07D3-CC81-CB63-EF36-05C01DB2F3BB}.Debug|x64.ActiveCfg = Debug|x64
		{614C07D3-CC81-CB63-EF36-05C01DB2F3BB}.Debug|x64.Build.0 = Debug|x64
		{614C07D3-CC81-CB63-EF36-05C01DB2F3BB}.Debug|Win32.ActiveCfg = Debug|Win32
		{614C07D3-CC81-CB63-EF36-05C01DB2F3BB}.Debug|Win32.Build.0 = Debug|Win32
		{614C07D3-CC81-CB63-EF36-05C01DB2F3BB}.Release|x64.ActiveCfg = Release|x64
		{614C07D3-CC81-CB63-EF36-05C01DB2F3BB}.Release|x64.Build.0 = Release|x64
		{614C07D3-CC81-CB63-EF36-05C01DB2F3BB}.Release|Win32.ActiveCfg = Release|Win32
		{614C07D3-CC81-CB63-EF36-05C01DB2F3BB}.Release|Win32.Build.0 = Release|Win32
		{6C6EED1D-0637-2CBE-D32D-6BE9FD87D1DD}.Debug|x64.ActiveCfg = Debug|x64
		{6C6EED1D-0637-2CBE-D32D-6BE9FD87D1DD}.Debug|x64.Build.0 = Debug|x64
		{6C6EED1D-0637-2CBE-D32D-6BE9FD87D1DD}.Debug|Win32.ActiveCfg = Debug|x64
		{6C6EED1D-0637-2CBE-D32D-6BE9FD87D1DD}.Debug|Win32.Build.0 = Debug|x64
		{6C6EED1D-0637-2CBE-D32D-6BE9FD87D1DD}.Release|x64.ActiveCfg = Release|x64
		{6C6EED1D-0637-2CBE-D32D-6BE9FD87D1DD}.Release|x64.Build.0 = Release|x64
		{6C6EED1D-0637-2CBE-D32D-6BE9FD87D1DD}.Release|Win32.ActiveCfg = Release|x64
		{6C6EED1D-0637-2CBE-D32D-6BE9FD87D1DD}.Release|Win32.Build.0 = Release|x64
		{6F1909E7-57BB-76E1-D151-06ADE6DAAA1D}.Debug|x64.ActiveCfg = Debug|x64
		{6F1909E7-57BB-76E1-D151-06ADE6DAAA1D}.Debug|x64.Build.0 = Debug|x64
		{6F1909E7-57BB-76E1-D151-06ADE6DAAA1D}.Debug|Win32.ActiveCfg = Debug|Win32
		{6F1909E7-57BB-76E1-D151-06ADE6DAAA1D}.Debug|Win32.Build.0 = Debug|Win32
		{6F1909E7-57BB-76E1-D151-06ADE6DAAA1D}.Release|x64.ActiveCfg = Release|x64
		{6F1909E7-57BB-76E1-D151-06ADE6DAAA1D}.Release|x64.Build.0 = Release|x64
		{6F1909E7-57BB-76E1-D151-06ADE6DAAA1D}.Release|Win32.ActiveCfg = Release|Win32
		{6F1909E7-57BB-76E1-D151-06ADE6DAAA1D}.Release|Win32.Build.0 = Release|Win32
		{70BAE6E2-4715-CFAC-D8DE-1076AAEC1D73}.Debug|x64.ActiveCfg = Debug|x64
		{70BAE6E2-4715-CFAC-D8DE-1076AAEC1D73}.Debug|x64.Build.0 = Debug|x64
		{70BAE6E2-4715-CFAC-D8DE-1076AAEC1D73}.Debug|Win32.ActiveCfg = Debug|Win32
		{70BAE6E2-4715-CFAC-D8DE-1076AAEC1D73}.Debug|Win32.Build.0 = Debug|Win32
		{70BAE6E2-4715-CFAC-D8DE-1076AAEC1D73}.Release|x64.ActiveCfg = Release|x64
		{70BAE6E2-4715-CFAC-D8DE-1076AAEC1D73}.Release|x64.Build.0 = Release|x64
		{70BAE6E2-4715-CFAC-D8DE-1076AAEC1D73}.Release|Win32.ActiveCfg = Release|Win32
		{70BAE6E2-4715-CFAC-D8DE-1076AAEC1D73}.Release|Win32.Build.0 = Release|Win32
		{8E47CDEA-25A7-191D-CBCB-3970858E1608}.Debug|x64.ActiveCfg = Debug|x64
		{8E47CDEA-25A7-191D-CBCB-3970858E1608}.Debug|x64.Build.0 = Debug|x64
		{8E47CDEA-25A7-191D-CBCB-3970858E1608}.Debug|Win32.ActiveCfg = Debug|Win32
		{8E47CDEA-25A7-191D-CBCB-3970858E1608}.Debug|Win32.Build.0 = Debug|Win32
		{8E47CDEA-25A7-191D-CBCB-3970858E1608}.Release|x64.ActiveCfg = Release|x64
		{8E47CDEA-25A7-191D-CBCB-3970858E1608}.Release|x64.Build.0 = Release|x64
		{8E47CDEA-25A7-191D-CBCB-3970858E1608}.Release|Win32.ActiveCfg = Release|Win32
		{8E47CDEA-25A7-191D-CBCB-3970858E1608}.Release|Win32.Build.0 = Release|Win32
		{8EF7DD73-C2DC-E136-FAE6-0D7F03219C56}.Debug|x64.ActiveCfg = Debug|x64
		{8EF7DD73-C2DC-E136-FAE6-0D7F03219C56}.Debug|x64.Build.0 = Debug|x64
		{8EF7DD73-C2DC-E136-FAE6-0D7F03219C56}.Debug|Win32.ActiveCfg = Debug|Win32
		{8EF7DD73-C2DC-E136-FAE6-0D7F03219C56}.Debug|Win32.Build.0 = Debug|Win32
		{8EF7DD73-C2DC-E136-FAE6-0D7F03219C56}.Release|x64.ActiveCfg = Release|x64
		{8EF7DD73-C2DC-E136-FAE6-0D7F03219C56}.Release|x64.Build.0 = Release|x64
		{8EF7DD73-C2DC-E136-FAE6-0D7F03219C56}.Release|Win32.ActiveCfg = Release|Win32
		{8EF7DD73-C2DC-E136-FAE6-0D7F03219C56}.Release|Win32.Build.0 = Release|Win32
		{98F88787-7C49-30E8-D907-A5C12DD9EAA9}.Debug|x64.ActiveCfg = Debug|x64
		{98F88787-7C49-30E8-D907-A5C12DD9EAA9}.Debug|x64.Build.0 = Debug|x64
		{98F88787-7C49-30E8-D907-A5C12DD9EAA9}.Debug|Win32.ActiveCfg = Debug|Win32
		{98F88787-7C49-30E8-D907-A5C12DD9EAA9}.Debug|Win32.Build.0 = Debug|Win32
		{98F88787-7C49-30E8-D907-A5C12DD9EAA9}.Release|x64.ActiveCfg = Release|x64
		{98F88787-7C49-30E8-D907-A5C12DD9EAA9}.Release|x64.Build.0 = Release|x64
		{98F88787-7C49-30E8-D907-A5C12DD9EAA9}.Release|Win32.ActiveCfg = Release|Win32
		{98F88787-7C49-30E8-D907-A5C12DD9EAA9}.Release|Win32.Build.0 = Release|Win32
		{9F243C00-D946-A8FE-6635-62E5C6156C53}.Debug|x64.ActiveCfg = Debug|x64
		{9F243C00-D946-A8FE-6635-62E5C6156C53}.Debug|x64.Build.0 = Debug|x64
		{9F243C00-D946-A8FE-6635-62E5C6156C53}.Debug|Win32.ActiveCfg = Debug|Win32
		{9F243C00-D946-A8FE-6635-62E5C6156C53}.Debug|Win32.Build.0 = Debug|Win32
		{9F243C00-D946-A8FE-6635-62E5C6156C53}.Release|x64.ActiveCfg = Release|x64
		{9F243C00-D946-A8FE-6635-62E5C6156C53}.Release|x64.Build.0 = Release|x64
		{9F243C00-D946-A8FE-6635-62E5C6156C53}.Release|Win32.ActiveCfg = Release|Win32
		{9F243C00-D946-A8FE-6635-62E5C6156C53}.Release|Win32.Build.0 = Release|Win32
		{A06B3BE3-10D6-74EC-5511-AB2813E4C1EF}.Debug|x64.ActiveCfg = Debug|x64
		{A06B3BE3-10D6-74EC-5511-AB2813E4C1EF}.Debug|x64.Build.0 = Debug|x64
		{A06B3BE3-10D6-74EC-5511-AB2813E4C1EF}.Debug|Win32.ActiveCfg = Debug|Win32
		{A06B3BE3-10D6-74EC-5511-AB2813E4C1EF}.Debug|Win32.Build.0 = Debug|Win32
		{A06B3BE3-10D6-74EC-5511-AB2813E4C1EF}.Release|x64.ActiveCfg = Release|x64
		{A06B3BE3-10D6-74EC-5511-AB2813E4C1EF}.Release|x64.Build.0 = Release|x64
		{A06B3BE3-10D6-74EC-5511-AB2813E4C1EF}.Release|Win32.ActiveCfg = Release|Win32
		{A06B3BE3-10D6-74EC-5511-AB2813E4C1EF}.Release|Win32.Build.0 = Release|Win32
		{A5B5873A-E88B-062D-D00B-BE24F77B87D4}.Debug|x64.ActiveCfg = Debug|x64
		{A5B5873A-E88B-062D-D00B-BE24F77B87D4}.Debug|x64.Build.0 = Debug|x64
		{A5B5873A-E88B-062D-D00B-BE24F77B87D4}.Debug|Win32.ActiveCfg = Debug|Win32
		{A5B5873A-E88B-062D-D00B-BE24F77B87D4}.Debug|Win32.Build.0 = Debug|Win32
		{A5B5873A-E88B-062D-D00B-BE24F77B87D4}.Release|x64.ActiveCfg = Release|x64
		{A5B5873A-E88B-062D-D00B-BE24F77B87D4}.Release|x64.Build.0 = Release|x64
		{A5B5873A-E88B-062D-D00B-BE24F77B87D4}.Release|Win32.ActiveCfg = Release|Win32
		{A5B5873A-E88B-062D-D00B-BE24F77B87D4}.Release|Win32.Build.0 = Release|Win32
		{B13821AA-AB1E-19F2-7ED2-28C3FB568F31}.Debug|x64.ActiveCfg = Debug|x64
		{B13821AA-AB1E-19F2-7ED2-28C3FB568F31}.Debug|x64.Build.0 = Debug|x64
		{B13821AA-AB1E-19F2-7ED2-28C3FB568F31}.Debug|Win32.ActiveCfg = Debug|Win32
		{B13821AA-AB1E-19F2-7ED2-28C3FB568F31}.Debug|Win32.Build.0 = Debug|Win32
		{B13821AA-AB1E-19F2-7ED2-28C3FB568F31}.Release|x64.ActiveCfg = Release|x64
		{B13821AA-AB1E-19F2-7ED2-28C3FB568F31}.Release|x64.Build.0 = Release|x64
		{B13821AA-AB1E-19F2-7ED2-28C3FB568F31}.Release|Win32.ActiveCfg = Release|Win32
		{B13821AA-AB1E-19F2-7ED2-28C3FB568F31}.Release|Win32.Build.0 = Release|Win32
		{B2A86454-5165-779C-5264-DC80EC50CBC9}.Debug|x64.ActiveCfg = Debug|x64
		{B2A86454-5165-779C-5264-DC80EC50CBC9}.Debug|x64.Build.0 = Debug|x64
		{B2A86454-5165-779C-5264-DC80EC50CBC9}.Debug|Win32.ActiveCfg = Debug|Win32
		{B2A86454-5165-779C-5264-DC80EC50CBC9}.Debug|Win32.Build.0 = Debug|Win32
		{B2A86454-5165-779C-5264-DC80EC50CBC9}.Release|x64.ActiveCfg = Release|x64
		{B2A86454-5165-779C-5264-DC80EC50CBC9}.Release|x64.Build.0 = Release|x64
		{B2A86454-5165-779C-5264-DC80EC50CBC9}.Release|Win32.ActiveCfg = Release|Win32
		{B2A86454-5165-779C-5264-DC80EC50CBC9}.Release|Win32.Build.0 = Release|Win32
		{B4DAF1F4-CC7C-CE2B-06D2-8F86415CE1EB}.Debug|x64.ActiveCfg = Debug|x64
		{B4DAF1F4-CC7C-CE2B-06D2-8F86415CE1EB}.Debug|x64.Build.0 = Debug|x64
		{B4DAF1F4-CC7C-CE2B-06D2-8F86415CE1EB}.Debug|Win32.ActiveCfg = Debug|x64
		{B4DAF1F4-CC7C-CE2B-06D2-8F86415CE1EB}.Debug|Win32.Build.0 = Debug|x64
		{B4DAF1F4-CC7C-CE2B-06D2-8F86415CE1EB}.Release|x64.ActiveCfg = Release|x64
		{B4DAF1F4-CC7C-CE2B-06D2-8F86415CE1EB}.Release|x64.Build.0 = Release|x64
		{B4DAF1F4-CC7C-CE2B-06D2-8F86415CE1EB}.Release|Win32.ActiveCfg = Release|x64
		{B4DAF1F4-CC7C-CE2B-06D2-8F86415CE1EB}.Release|Win32.Build.0 = Release|x64
		{B71C701A-6C36-B25E-6F75-7A6A7FD4DD30}.Debug|x64.ActiveCfg = Debug|x64
		{B71C701A-6C36-B25E-6F75-7A6A7FD4DD30}.Debug|x64.Build.0 = Debug|x64
		{B71C701A-6C36-B25E-6F75-7A6A7FD4DD30}.Debug|Win32.ActiveCfg = Debug|x64
		{B71C701A-6C36-B25E-6F75-7A6A7FD4DD30}.Debug|Win32.Build.0 = Debug|x64
		{B71C701A-6C36-B25E-6F75-7A6A7FD4DD30}.Release|x64.ActiveCfg = Release|x64
		{B71C701A-6C36-B25E-6F75-7A6A7FD4DD30}.Release|x64.Build.0 = Release|x64
		{B71C701A-6C36-B25E-6F75-7A6A7FD4DD30}.Release|Win32.ActiveCfg = Release|x64
		{B71C701A-6C36-B25E-6F75-7A6A7FD4DD30}.Release|Win32.Build.0 = Release|x64
		{BEEAF22C-E123-29C3-157E-44C9D6E557CB}.Debug|x64.ActiveCfg = Debug|x64
		{BEEAF22C-E123-29C3-157E-44C9D6E557CB}.Debug|x64.Build.0 = Debug|x64
		{BEEAF22C-E123-29C3-157E-44C9D6E557CB}.Debug|Win32.ActiveCfg = Debug|Win32
		{BEEAF22C-E123-29C3-157E-44C9D6E557CB}.Debug|Win32.Build.0 = Debug|Win32
		{BEEAF22C-E123-29C3-157E-44C9D6E557CB}.Release|x64.ActiveCfg = Release|x64
		{BEEAF22C-E123-29C3-157E-44C9D6E557CB}.Release|x64.Build.0 = Release|x64
		{BEEAF22C-E123-29C3-157E-44C9D6E557CB}.Release|Win32.ActiveCfg = Release|Win32
		{BEEAF22C-E123-29C3-157E-44C9D6E557CB}.Release|Win32.Build.0 = Release|Win32
		{C1DAF26E-2EB4-5ACB-B14F-63FAC34FE78B}.Debug|x64.ActiveCfg = Debug|x64
		{C1DAF26E-2EB4-5ACB-B14F-63FAC34FE78B}.Debug|x64.Build.0 = Debug|x64
		{C1DAF26E-2EB4-5ACB-B14F-63FAC34FE78B}.Debug|Win32.ActiveCfg = Debug|Win32
		{C1DAF26E-2EB4-5ACB-B14F-63FAC34FE78B}.Debug|Win32.Build.0 = Debug|Win32
		{C1DAF26E-2EB4-5ACB-B14F-63FAC34FE78B}.Release|x64.ActiveCfg = Release|x64
		{C1DAF26E-2EB4-5ACB-B14F-63FAC34FE78B}.Release|x64.Build.0 = Release|x64
		{C1DAF26E-2EB4-5ACB-B14F-63FAC34FE78B}.Release|Win32.ActiveCfg = Release|Win32
		{C1DAF26E-2EB4-5ACB-B14F-63FAC34FE78B}.Release|Win32.Build.0 = Release|Win32
		{C1E5236C-367C-E5BF-F804-87B2C75AE9A1}.Debug|x64.ActiveCfg = Debug|x64
		{C1E5236C-367C-E5BF-F804-87B2C75AE9A1}.Debug|x64.Build.0 = Debug|x64
		{C1E5236C-367C-E5BF-F804-87B2C75AE9A1}.Debug|Win32.ActiveCfg = Debug|Win32
		{C1E5236C-367C-E5BF-F804-87B2C75AE9A1}.Debug|Win32.Build.0 = Debug|Win32
		{C1E5236C-367C-E5BF-F804-87B2C75AE9A1}.Release|x64.ActiveCfg = Release|x64
		{C1E5236C-367C-E5BF-F804-87B2C75AE9A1}.Release|x64.Build.0 = Release|x64
		{C1E5236C-367C-E5BF-F804-87B2C75AE9A1}.Release|Win32.ActiveCfg = Release|Win32
		{C1E5236C-367C-E5BF-F804-87B2C75AE9A1}.Release|Win32.Build.0 = Release|Win32
		{CF88D025-B9FD-2C53-BD53-827C684C046A}.Debug|x64.ActiveCfg = Debug|x64
		{CF88D025-B9FD-2C53-BD53-827C684C046A}.Debug|x64.Build.0 = Debug|x64
		{CF88D025-B9FD-2C53-BD53-827C684C046A}.Debug|Win32.ActiveCfg = Debug|x64
		{CF88D025-B9FD-2C53-BD53-827C684C046A}.Debug|Win32.Build.0 = Debug|x64
		{CF88D025-B9FD-2C53-BD53-827C684C046A}.Release|x64.ActiveCfg = Release|x64
		{CF88D025-B9FD-2C53-BD53-827C684C046A}.Release|x64.Build.0 = Release|x64
		{CF88D025-B9FD-2C53-BD53-827C684C046A}.Release|Win32.ActiveCfg = Release|x64
		{CF88D025-B9FD-2C53-BD53-827C684C046A}.Release|Win32.Build.0 = Release|x64
		{D3A3C2BC-AE41-DED9-E35B-6625AC56143F}.Debug|x64.ActiveCfg = Debug|x64
		{D3A3C2BC-AE41-DED9-E35B-6625AC56143F}.Debug|x64.Build.0 = Debug|x64
		{D3A3C2BC-AE41-DED9-E35B-6625AC56143F}.Debug|Win32.ActiveCfg = Debug|Win32
		{D3A3C2BC-AE41-DED9-E35B-6625AC56143F}.Debug|Win32.Build.0 = Debug|Win32
		{D3A3C2BC-AE41-DED9-E35B-6625AC56143F}.Release|x64.ActiveCfg = Release|x64
		{D3A3C2BC-AE41-DED9-E35B-6625AC56143F}.Release|x64.Build.0 = Release|x64
		{D3A3C2BC-AE41-DED9-E35B-6625AC56143F}.Release|Win32.ActiveCfg = Release|Win32
		{D3A3C2BC-AE41-DED9-E35B-6625AC56143F}.Release|Win32.Build.0 = Release|Win32
		{DA6C1955-72CB-2D2E-387A-CF7AA864E5B0}.Debug|x64.ActiveCfg = Debug|x64
		{DA6C1955-72CB-2D2E-387A-CF7AA864E5B0}.Debug|x64.Build.0 = Debug|x64
		{DA6C1955-72CB-2D2E-387A-CF7AA864E5B0}.Debug|Win32.ActiveCfg = Debug|Win32
		{DA6C1955-72CB-2D2E-387A-CF7AA864E5B0}.Debug|Win32.Build.0 = Debug|Win32
		{DA6C1955-72CB-2D2E-387A-CF7AA864E5B0}.Release|x64.ActiveCfg = Release|x64
		{DA6C1955-72CB-2D2E-387A-CF7AA864E5B0}.Release|x64.Build.0 = Release|x64
		{DA6C1955-72CB-2D2E-387A-CF7AA864E5B0}.Release|Win32.ActiveCfg = Release|Win32
		{DA6C1955-72CB-2D2E-387A-CF7AA864E5B0}.Release|Win32.Build.0 = Release|Win32
		{E3BE9494-42B3-088D-7B04-78249CCF9120}.Debug|x64.ActiveCfg = Debug|x64
		{E3BE9494-42B3-088D-7B04-78249CCF9120}.Debug|x64.Build.0 = Debug|x64
		{E3BE9494-42B3-088D-7B04-78249CCF9120}.Debug|Win32.ActiveCfg = Debug|Win32
		{E3BE9494-42B3-088D-7B04-78249CCF9120}.Debug|Win32.Build.0 = Debug|Win32
		{E3BE9494-42B3-088D-7B04-78249CCF9120}.Release|x64.ActiveCfg = Release|x64
		{E3BE9494-42B3-088D-7B04-78249CCF9120}.Release|x64.Build.0 = Release|x64
		{E3BE9494-42B3-088D-7B04-78249CCF9120}.Release|Win32.ActiveCfg = Release|Win32
		{E3BE9494-42B3-088D-7B04-78249CCF9120}.Release|Win32.Build.0 = Release|Win32
		{E7BF18E3-B79A-DE12-7B50-0AE7D0220957}.Debug|x64.ActiveCfg = Debug|x64
		{E7BF18E3-B79A-DE12-7B50-0AE7D0220957}.Debug|x64.Build.0 = Debug|x64
		{E7BF18E3-B79A-DE12-7B50-0AE7D0220957}.Debug|Win32.ActiveCfg = Debug|Win32
		{E7BF18E3-B79A-DE12-7B50-0AE7D0220957}.Debug|Win32.Build.0 = Debug|Win32
		{E7BF18E3-B79A-DE12-7B50-0AE7D0220957}.Release|x64.ActiveCfg = Release|x64
		{E7BF18E3-B79A-DE12-7B50-0AE7D0220957}.Release|x64.Build.0 = Release|x64
		{E7BF18E3-B79A-DE12-7B50-0AE7D0220957}.Release|Win32.ActiveCfg = Release|Win32
		{E7BF18E3-B79A-DE12-7B50-0AE7D0220957}.Release|Win32.Build.0 = Release|Win32
		{EA809367-3667-A0A5-1C49-2B292C0AA713}.Debug|x64.ActiveCfg = Debug|x64
		{EA809367-3667-A0A5-1C49-2B292C0AA713}.Debug|x64.Build.0 = Debug|x64
		{EA809367-3667-A0A5-1C49-2B292C0AA713}.Debug|Win32.ActiveCfg = Debug|Win32
		{EA809367-3667-A0A5-1C49-2B292C0AA713}.Debug|Win32.Build.0 = Debug|Win32
		{EA809367-3667-A0A5-1C49-2B292C0AA713}.Release|x64.ActiveCfg = Release|x64
		{EA809367-3667-A0A5-1C49-2B292C0AA713}.Release|x64.Build.0 = Release|x64
		{EA809367-3667-A0A5-1C49-2B292C0AA713}.Release|Win32.ActiveCfg = Release|Win32
		{EA809367-3667-A0A5-1C49-2B292C0AA713}.Release|Win32.Build.0 = Release|Win32
		{ECE47A89-58D6-2E68-C179-853DEF3B491F}.Debug|x64.ActiveCfg = Debug|x64
		{ECE47A89-58D6-2E68-C179-853DEF3B491F}.Debug|x64.Build.0 = Debug|x64
		{ECE47A89-58D6-2E68-C179-853DEF3B491F}.Debug|Win32.ActiveCfg = Debug|Win32
		{ECE47A89-58D6-2E68-C179-853DEF3B491F}.Debug|Win32.Build.0 = Debug|Win32
		{ECE47A89-58D6-2E68-C179-853DEF3B491F}.Release|x64.ActiveCfg = Release|x64
		{ECE47A89-58D6-2E68-C179-853DEF3B491F}.Release|x64.Build.0 = Release|x64
		{ECE47A89-58D6-2E68-C179-853DEF3B491F}.Release|Win32.ActiveCfg = Release|Win32
		{ECE47A89-58D6-2E68-C179-853DEF3B491F}.Release|Win32.Build.0 = Release|Win32
		{EF52700F-0600-5BEA-1531-DB92067640B2}.Debug|x64.ActiveCfg = Debug|x64
		{EF52700F-0600-5BEA-1531-DB92067640B2}.Debug|x64.Build.0 = Debug|x64
		{EF52700F-0600-5BEA-1531-DB92067640B2}.Debug|Win32.ActiveCfg = Debug|Win32
		{EF52700F-0600-5BEA-1531-DB92067640B2}.Debug|Win32.Build.0 = Debug|Win32
		{EF52700F-0600-5BEA-1531-DB92067640B2}.Release|x64.ActiveCfg = Release|x64
		{EF52700F-0600-5BEA-1531-DB92067640B2}.Release|x64.Build.0 = Release|x64
		{EF52700F-0600-5BEA-1531-DB92067640B2}.Release|Win32.ActiveCfg = Release|Win32
		{EF52700F-0600-5BEA-1531-DB92067640B2}.Release|Win32.Build.0 = Release|Win32
		{FD084BD7-923A-E1B6-BC68-D48862A047CD}.Debug|x64.ActiveCfg = Debug|x64
		{FD084BD7-923A-E1B6-BC68-D48862A047CD}.Debug|x64.Build.0 = Debug|x64
		{FD084BD7-923A-E1B6-BC68-D48862A047CD}.Debug|Win32.ActiveCfg = Debug|Win32
		{FD084BD7-923A-E1B6-BC68-D48862A047CD}.Debug|Win32.Build.0 = Debug|Win32
		{FD084BD7-923A-E1B6-BC68-D48862A047CD}.Release|x64.ActiveCfg = Release|x64
		{FD084BD7-923A-E1B6-BC68-D48862A047CD}.Release|x64.Build.0 = Release|x64
		{FD084BD7-923A-E1B6-BC68-D48862A047CD}.Release|Win32.ActiveCfg = Release|Win32
		{FD084BD7-923A-E1B6-BC68-D48862A047CD}.Release|Win32.Build.0 = Release|Win32
		{FDC20F1A-8E20-9A9E-89D4-2C142EDDAD37}.Debug|x64.ActiveCfg = Debug|x64
		{FDC20F1A-8E20-9A9E-89D4-2C142EDDAD37}.Debug|x64.Build.0 = Debug|x64
		{FDC20F1A-8E20-9A9E-89D4-2C142EDDAD37}.Debug|Win32.ActiveCfg = Debug|Win32
		{FDC20F1A-8E20-9A9E-89D4-2C142EDDAD37}.Debug|Win32.Build.0 = Debug|Win32
		{FDC20F1A-8E20-9A9E-89D4-2C142EDDAD37}.Release|x64.ActiveCfg = Release|x64
		{FDC20F1A-8E20-9A9E-89D4-2C142EDDAD37}.Release|x64.Build.0 = Release|x64
		{FDC20F1A-8E20-9A9E-89D4-2C142EDDAD37}.Release|Win32.ActiveCfg = Release|Win32
		{FDC20F1A-8E20-9A9E-89D4-2C142EDDAD37}.Release|Win32.Build.0 = Release|Win32
	EndGlobalSection
	GlobalSection(SolutionProperties) = preSolution
		HideSolutionNode = FALSE
	EndGlobalSection
	GlobalSection(NestedProjects) = preSolution
		{A5B5873A-E88B-062D-D00B-BE24F77B87D4} = {6478B9F3-4858-63F4-35F4-98A303E305F3}
		{C1DAF26E-2EB4-5ACB-B14F-63FAC34FE78B} = {6478B9F3-4858-63F4-35F4-98A303E305F3}
		{09543265-EB27-1F8A-E7C4-3DDDFF05E146} = {6478B9F3-4858-63F4-35F4-98A303E305F3}
		{B2A86454-5165-779C-5264-DC80EC50CBC9} = {6478B9F3-4858-63F4-35F4-98A303E305F3}
		{6478B9F3-4858-63F4-35F4-98A303E305F3} = {9785FB75-982A-5DE3-252D-3F288B9FEF5B}
		{3E7FA5AF-27B3-2DE0-883C-12F98E7F4E81} = {9785FB75-982A-5DE3-252D-3F288B9FEF5B}
		{9F243C00-D946-A8FE-6635-62E5C6156C53} = {9785FB75-982A-5DE3-252D-3F288B9FEF5B}
		{8E47CDEA-25A7-191D-CBCB-3970858E1608} = {9785FB75-982A-5DE3-252D-3F288B9FEF5B}
		{B71C701A-6C36-B25E-6F75-7A6A7FD4DD30} = {9785FB75-982A-5DE3-252D-3F288B9FEF5B}
		{70BAE6E2-4715-CFAC-D8DE-1076AAEC1D73} = {9785FB75-982A-5DE3-252D-3F288B9FEF5B}
		{EA809367-3667-A0A5-1C49-2B292C0AA713} = {9785FB75-982A-5DE3-252D-3F288B9FEF5B}
		{C1E5236C-367C-E5BF-F804-87B2C75AE9A1} = {9785FB75-982A-5DE3-252D-3F288B9FEF5B}
		{FD084BD7-923A-E1B6-BC68-D48862A047CD} = {9785FB75-982A-5DE3-252D-3F288B9FEF5B}
		{614C07D3-CC81-CB63-EF36-05C01DB2F3BB} = {9785FB75-982A-5DE3-252D-3F288B9FEF5B}
		{DA6C1955-72CB-2D2E-387A-CF7AA864E5B0} = {9785FB75-982A-5DE3-252D-3F288B9FEF5B}
		{6C6EED1D-0637-2CBE-D32D-6BE9FD87D1DD} = {9785FB75-982A-5DE3-252D-3F288B9FEF5B}
		{6F1909E7-57BB-76E1-D151-06ADE6DAAA1D} = {9785FB75-982A-5DE3-252D-3F288B9FEF5B}
		{EF52700F-0600-5BEA-1531-DB92067640B2} = {9785FB75-982A-5DE3-252D-3F288B9FEF5B}
		{16B835F4-83D8-F9AA-FF2F-EFD03C8BC4E1} = {9785FB75-982A-5DE3-252D-3F288B9FEF5B}
		{A06B3BE3-10D6-74EC-5511-AB2813E4C1EF} = {9785FB75-982A-5DE3-252D-3F288B9FEF5B}
		{522987A0-79A6-C225-0036-50E12BB3C9BB} = {9785FB75-982A-5DE3-252D-3F288B9FEF5B}
		{FDC20F1A-8E20-9A9E-89D4-2C142EDDAD37} = {9785FB75-982A-5DE3-252D-3F288B9FEF5B}
		{E7BF18E3-B79A-DE12-7B50-0AE7D0220957} = {9785FB75-982A-5DE3-252D-3F288B9FEF5B}
		{8EF7DD73-C2DC-E136-FAE6-0D7F03219C56} = {9785FB75-982A-5DE3-252D-3F288B9FEF5B}
		{B13821AA-AB1E-19F2-7ED2-28C3FB568F31} = {9785FB75-982A-5DE3-252D-3F288B9FEF5B}
		{10F79D67-3CCF-91C0-1CA3-983876CFE57F} = {EF1E4970-C119-B0D7-F5D6-321C6AE66EDC}
		{CF88D025-B9FD-2C53-BD53-827C684C046A} = {EF1E4970-C119-B0D7-F5D6-321C6AE66EDC}
		{549DCD52-F8F0-E6E2-07EB-1A96F97AA3F4} = {2DE59335-96CE-10CA-CDE5-FEC35E3549BB}
		{29BAB5CB-2BE9-AFA2-00D1-95BF10E50020} = {2DE59335-96CE-10CA-CDE5-FEC35E3549BB}
		{4670024F-D707-8939-5502-56D6716C305B} = {2DE59335-96CE-10CA-CDE5-FEC35E3549BB}
		{02D779A1-2A01-7945-9DCD-AE0DCE064D24} = {2DE59335-96CE-10CA-CDE5-FEC35E3549BB}
		{E3BE9494-42B3-088D-7B04-78249CCF9120} = {3DC53144-5334-1B74-C233-23BEE3D8EABD}
		{B4DAF1F4-CC7C-CE2B-06D2-8F86415CE1EB} = {3DC53144-5334-1B74-C233-23BEE3D8EABD}
		{33BAE79E-504D-301F-C6A3-86C3786A6A28} = {EAC80D00-01D2-3F49-A377-20B7154947F3}
		{D3A3C2BC-AE41-DED9-E35B-6625AC56143F} = {EAC80D00-01D2-3F49-A377-20B7154947F3}
		{BEEAF22C-E123-29C3-157E-44C9D6E557CB} = {EAC80D00-01D2-3F49-A377-20B7154947F3}
		{EF1E4970-C119-B0D7-F5D6-321C6AE66EDC} = {3E7FA5AF-27B3-2DE0-883C-12F98E7F4E81}
		{2DE59335-96CE-10CA-CDE5-FEC35E3549BB} = {89C816A7-DD31-D54C-C69C-5A80E0C49B77}
		{3DC53144-5334-1B74-C233-23BEE3D8EABD} = {89C816A7-DD31-D54C-C69C-5A80E0C49B77}
		{ECE47A89-58D6-2E68-C179-853DEF3B491F} = {89C816A7-DD31-D54C-C69C-5A80E0C49B77}
		{98F88787-7C49-30E8-D907-A5C12DD9EAA9} = {89C816A7-DD31-D54C-C69C-5A80E0C49B77}
	EndGlobalSection
EndGlobal
