Microsoft Visual Studio Solution File, Format Version 13.00
# Visual Studio 2013
Project("{2150E333-8FDC-42A3-9474-1A3956D46DE8}") = "(allocator)", "..\..\..\base\allocator", "{6478B9F3-4858-63F4-35F4-98A303E305F3}"
EndProject
Project("{2150E333-8FDC-42A3-9474-1A3956D46DE8}") = "(base)", "..\..\..\base", "{9785FB75-982A-5DE3-252D-3F288B9FEF5B}"
EndProject
Project("{2150E333-8FDC-42A3-9474-1A3956D46DE8}") = "(testing)", "..\..\..\testing", "{EAC80D00-01D2-3F49-A377-20B7154947F3}"
EndProject
Project("{2150E333-8FDC-42A3-9474-1A3956D46DE8}") = "(third_party)", "..\..\..\base\third_party", "{3E7FA5AF-27B3-2DE0-883C-12F98E7F4E81}"
EndProject
Project("{2150E333-8FDC-42A3-9474-1A3956D46DE8}") = "(third_party)", "..\..\..\third_party", "{89C816A7-DD31-D54C-C69C-5A80E0C49B77}"
EndProject
Project("{8BC9CEB8-8B4A-11D0-8D11-00A0C91BC942}") = "allocator", "allocator.vcxproj", "{A5B5873A-E88B-062D-D00B-BE24F77B87D4}"
	ProjectSection(ProjectDependencies) = postProject
		{B2A86454-5165-779C-5264-DC80EC50CBC9} = {B2A86454-5165-779C-5264-DC80EC50CBC9}
	EndProjectSection
EndProject
Project("{8BC9CEB8-8B4A-11D0-8D11-00A0C91BC942}") = "allocator_extension_thunks", "allocator_extension_thunks.vcxproj", "{C1DAF26E-2EB4-5ACB-B14F-63FAC34FE78B}"
EndProject
Project("{8BC9CEB8-8B4A-11D0-8D11-00A0C91BC942}") = "allocator_extension_thunks_win64", "allocator_extension_thunks_win64.vcxproj", "{09543265-EB27-1F8A-E7C4-3DDDFF05E146}"
EndProject
Project("{8BC9CEB8-8B4A-11D0-8D11-00A0C91BC942}") = "allocator_unittests", "allocator_unittests.vcxproj", "{4010A458-2408-34D9-D276-696D1F50BD05}"
	ProjectSection(ProjectDependencies) = postProject
		{A5B5873A-E88B-062D-D00B-BE24F77B87D4} = {A5B5873A-E88B-062D-D00B-BE24F77B87D4}
		{C1DAF26E-2EB4-5ACB-B14F-63FAC34FE78B} = {C1DAF26E-2EB4-5ACB-B14F-63FAC34FE78B}
		{D3A3C2BC-AE41-DED9-E35B-6625AC56143F} = {D3A3C2BC-AE41-DED9-E35B-6625AC56143F}
		{10F79D67-3CCF-91C0-1CA3-983876CFE57F} = {10F79D67-3CCF-91C0-1CA3-983876CFE57F}
		{B2A86454-5165-779C-5264-DC80EC50CBC9} = {B2A86454-5165-779C-5264-DC80EC50CBC9}
		{BEEAF22C-E123-29C3-157E-44C9D6E557CB} = {BEEAF22C-E123-29C3-157E-44C9D6E557CB}
	EndProjectSection
EndProject
Project("{8BC9CEB8-8B4A-11D0-8D11-00A0C91BC942}") = "base", "..\base.vcxproj", "{9F243C00-D946-A8FE-6635-62E5C6156C53}"
	ProjectSection(ProjectDependencies) = postProject
		{BEEAF22C-E123-29C3-157E-44C9D6E557CB} = {BEEAF22C-E123-29C3-157E-44C9D6E557CB}
	EndProjectSection
EndProject
Project("{8BC9CEB8-8B4A-11D0-8D11-00A0C91BC942}") = "base_static", "..\base_static.vcxproj", "{DA6C1955-72CB-2D2E-387A-CF7AA864E5B0}"
EndProject
Project("{8BC9CEB8-8B4A-11D0-8D11-00A0C91BC942}") = "dynamic_annotations", "..\third_party\dynamic_annotations\dynamic_annotations.vcxproj", "{10F79D67-3CCF-91C0-1CA3-983876CFE57F}"
EndProject
Project("{8BC9CEB8-8B4A-11D0-8D11-00A0C91BC942}") = "gtest", "..\..\testing\gtest.vcxproj", "{D3A3C2BC-AE41-DED9-E35B-6625AC56143F}"
	ProjectSection(ProjectDependencies) = postProject
		{BEEAF22C-E123-29C3-157E-44C9D6E557CB} = {BEEAF22C-E123-29C3-157E-44C9D6E557CB}
	EndProjectSection
EndProject
Project("{8BC9CEB8-8B4A-11D0-8D11-00A0C91BC942}") = "gtest_prod", "..\..\testing\gtest_prod.vcxproj", "{BEEAF22C-E123-29C3-157E-44C9D6E557CB}"
EndProject
Project("{8BC9CEB8-8B4A-11D0-8D11-00A0C91BC942}") = "libcmt", "libcmt.vcxproj", "{B2A86454-5165-779C-5264-DC80EC50CBC9}"
EndProject
Project("{8BC9CEB8-8B4A-11D0-8D11-00A0C91BC942}") = "modp_b64", "..\..\third_party\modp_b64\modp_b64.vcxproj", "{E3BE9494-42B3-088D-7B04-78249CCF9120}"
EndProject
Project("{8BC9CEB8-8B4A-11D0-8D11-00A0C91BC942}") = "tcmalloc_unittest", "tcmalloc_unittest.vcxproj", "{B69F4967-97FE-8B69-D2CA-139C4FC53488}"
	ProjectSection(ProjectDependencies) = postProject
		{D3A3C2BC-AE41-DED9-E35B-6625AC56143F} = {D3A3C2BC-AE41-DED9-E35B-6625AC56143F}
		{9F243C00-D946-A8FE-6635-62E5C6156C53} = {9F243C00-D946-A8FE-6635-62E5C6156C53}
		{A5B5873A-E88B-062D-D00B-BE24F77B87D4} = {A5B5873A-E88B-062D-D00B-BE24F77B87D4}
		{BEEAF22C-E123-29C3-157E-44C9D6E557CB} = {BEEAF22C-E123-29C3-157E-44C9D6E557CB}
		{DA6C1955-72CB-2D2E-387A-CF7AA864E5B0} = {DA6C1955-72CB-2D2E-387A-CF7AA864E5B0}
		{C1DAF26E-2EB4-5ACB-B14F-63FAC34FE78B} = {C1DAF26E-2EB4-5ACB-B14F-63FAC34FE78B}
		{E3BE9494-42B3-088D-7B04-78249CCF9120} = {E3BE9494-42B3-088D-7B04-78249CCF9120}
		{10F79D67-3CCF-91C0-1CA3-983876CFE57F} = {10F79D67-3CCF-91C0-1CA3-983876CFE57F}
		{B2A86454-5165-779C-5264-DC80EC50CBC9} = {B2A86454-5165-779C-5264-DC80EC50CBC9}
	EndProjectSection
EndProject
Global
	GlobalSection(SolutionConfigurationPlatforms) = preSolution
		Debug|x64 = Debug|x64
		Debug|Win32 = Debug|Win32
		Release|x64 = Release|x64
		Release|Win32 = Release|Win32
	EndGlobalSection
	GlobalSection(ProjectConfigurationPlatforms) = postSolution
		{09543265-EB27-1F8A-E7C4-3DDDFF05E146}.Debug|x64.ActiveCfg = Debug|x64
		{09543265-EB27-1F8A-E7C4-3DDDFF05E146}.Debug|x64.Build.0 = Debug|x64
		{09543265-EB27-1F8A-E7C4-3DDDFF05E146}.Debug|Win32.ActiveCfg = Debug|x64
		{09543265-EB27-1F8A-E7C4-3DDDFF05E146}.Debug|Win32.Build.0 = Debug|x64
		{09543265-EB27-1F8A-E7C4-3DDDFF05E146}.Release|x64.ActiveCfg = Release|x64
		{09543265-EB27-1F8A-E7C4-3DDDFF05E146}.Release|x64.Build.0 = Release|x64
		{09543265-EB27-1F8A-E7C4-3DDDFF05E146}.Release|Win32.ActiveCfg = Release|x64
		{09543265-EB27-1F8A-E7C4-3DDDFF05E146}.Release|Win32.Build.0 = Release|x64
		{10F79D67-3CCF-91C0-1CA3-983876CFE57F}.Debug|x64.ActiveCfg = Debug|x64
		{10F79D67-3CCF-91C0-1CA3-983876CFE57F}.Debug|x64.Build.0 = Debug|x64
		{10F79D67-3CCF-91C0-1CA3-983876CFE57F}.Debug|Win32.ActiveCfg = Debug|Win32
		{10F79D67-3CCF-91C0-1CA3-983876CFE57F}.Debug|Win32.Build.0 = Debug|Win32
		{10F79D67-3CCF-91C0-1CA3-983876CFE57F}.Release|x64.ActiveCfg = Release|x64
		{10F79D67-3CCF-91C0-1CA3-983876CFE57F}.Release|x64.Build.0 = Release|x64
		{10F79D67-3CCF-91C0-1CA3-983876CFE57F}.Release|Win32.ActiveCfg = Release|Win32
		{10F79D67-3CCF-91C0-1CA3-983876CFE57F}.Release|Win32.Build.0 = Release|Win32
		{4010A458-2408-34D9-D276-696D1F50BD05}.Debug|x64.ActiveCfg = Debug|x64
		{4010A458-2408-34D9-D276-696D1F50BD05}.Debug|x64.Build.0 = Debug|x64
		{4010A458-2408-34D9-D276-696D1F50BD05}.Debug|Win32.ActiveCfg = Debug|Win32
		{4010A458-2408-34D9-D276-696D1F50BD05}.Debug|Win32.Build.0 = Debug|Win32
		{4010A458-2408-34D9-D276-696D1F50BD05}.Release|x64.ActiveCfg = Release|x64
		{4010A458-2408-34D9-D276-696D1F50BD05}.Release|x64.Build.0 = Release|x64
		{4010A458-2408-34D9-D276-696D1F50BD05}.Release|Win32.ActiveCfg = Release|Win32
		{4010A458-2408-34D9-D276-696D1F50BD05}.Release|Win32.Build.0 = Release|Win32
		{9F243C00-D946-A8FE-6635-62E5C6156C53}.Debug|x64.ActiveCfg = Debug|x64
		{9F243C00-D946-A8FE-6635-62E5C6156C53}.Debug|x64.Build.0 = Debug|x64
		{9F243C00-D946-A8FE-6635-62E5C6156C53}.Debug|Win32.ActiveCfg = Debug|Win32
		{9F243C00-D946-A8FE-6635-62E5C6156C53}.Debug|Win32.Build.0 = Debug|Win32
		{9F243C00-D946-A8FE-6635-62E5C6156C53}.Release|x64.ActiveCfg = Release|x64
		{9F243C00-D946-A8FE-6635-62E5C6156C53}.Release|x64.Build.0 = Release|x64
		{9F243C00-D946-A8FE-6635-62E5C6156C53}.Release|Win32.ActiveCfg = Release|Win32
		{9F243C00-D946-A8FE-6635-62E5C6156C53}.Release|Win32.Build.0 = Release|Win32
		{A5B5873A-E88B-062D-D00B-BE24F77B87D4}.Debug|x64.ActiveCfg = Debug|x64
		{A5B5873A-E88B-062D-D00B-BE24F77B87D4}.Debug|x64.Build.0 = Debug|x64
		{A5B5873A-E88B-062D-D00B-BE24F77B87D4}.Debug|Win32.ActiveCfg = Debug|Win32
		{A5B5873A-E88B-062D-D00B-BE24F77B87D4}.Debug|Win32.Build.0 = Debug|Win32
		{A5B5873A-E88B-062D-D00B-BE24F77B87D4}.Release|x64.ActiveCfg = Release|x64
		{A5B5873A-E88B-062D-D00B-BE24F77B87D4}.Release|x64.Build.0 = Release|x64
		{A5B5873A-E88B-062D-D00B-BE24F77B87D4}.Release|Win32.ActiveCfg = Release|Win32
		{A5B5873A-E88B-062D-D00B-BE24F77B87D4}.Release|Win32.Build.0 = Release|Win32
		{B2A86454-5165-779C-5264-DC80EC50CBC9}.Debug|x64.ActiveCfg = Debug|x64
		{B2A86454-5165-779C-5264-DC80EC50CBC9}.Debug|x64.Build.0 = Debug|x64
		{B2A86454-5165-779C-5264-DC80EC50CBC9}.Debug|Win32.ActiveCfg = Debug|Win32
		{B2A86454-5165-779C-5264-DC80EC50CBC9}.Debug|Win32.Build.0 = Debug|Win32
		{B2A86454-5165-779C-5264-DC80EC50CBC9}.Release|x64.ActiveCfg = Release|x64
		{B2A86454-5165-779C-5264-DC80EC50CBC9}.Release|x64.Build.0 = Release|x64
		{B2A86454-5165-779C-5264-DC80EC50CBC9}.Release|Win32.ActiveCfg = Release|Win32
		{B2A86454-5165-779C-5264-DC80EC50CBC9}.Release|Win32.Build.0 = Release|Win32
		{B69F4967-97FE-8B69-D2CA-139C4FC53488}.Debug|x64.ActiveCfg = Debug|x64
		{B69F4967-97FE-8B69-D2CA-139C4FC53488}.Debug|x64.Build.0 = Debug|x64
		{B69F4967-97FE-8B69-D2CA-139C4FC53488}.Debug|Win32.ActiveCfg = Debug|Win32
		{B69F4967-97FE-8B69-D2CA-139C4FC53488}.Debug|Win32.Build.0 = Debug|Win32
		{B69F4967-97FE-8B69-D2CA-139C4FC53488}.Release|x64.ActiveCfg = Release|x64
		{B69F4967-97FE-8B69-D2CA-139C4FC53488}.Release|x64.Build.0 = Release|x64
		{B69F4967-97FE-8B69-D2CA-139C4FC53488}.Release|Win32.ActiveCfg = Release|Win32
		{B69F4967-97FE-8B69-D2CA-139C4FC53488}.Release|Win32.Build.0 = Release|Win32
		{BEEAF22C-E123-29C3-157E-44C9D6E557CB}.Debug|x64.ActiveCfg = Debug|x64
		{BEEAF22C-E123-29C3-157E-44C9D6E557CB}.Debug|x64.Build.0 = Debug|x64
		{BEEAF22C-E123-29C3-157E-44C9D6E557CB}.Debug|Win32.ActiveCfg = Debug|Win32
		{BEEAF22C-E123-29C3-157E-44C9D6E557CB}.Debug|Win32.Build.0 = Debug|Win32
		{BEEAF22C-E123-29C3-157E-44C9D6E557CB}.Release|x64.ActiveCfg = Release|x64
		{BEEAF22C-E123-29C3-157E-44C9D6E557CB}.Release|x64.Build.0 = Release|x64
		{BEEAF22C-E123-29C3-157E-44C9D6E557CB}.Release|Win32.ActiveCfg = Release|Win32
		{BEEAF22C-E123-29C3-157E-44C9D6E557CB}.Release|Win32.Build.0 = Release|Win32
		{C1DAF26E-2EB4-5ACB-B14F-63FAC34FE78B}.Debug|x64.ActiveCfg = Debug|x64
		{C1DAF26E-2EB4-5ACB-B14F-63FAC34FE78B}.Debug|x64.Build.0 = Debug|x64
		{C1DAF26E-2EB4-5ACB-B14F-63FAC34FE78B}.Debug|Win32.ActiveCfg = Debug|Win32
		{C1DAF26E-2EB4-5ACB-B14F-63FAC34FE78B}.Debug|Win32.Build.0 = Debug|Win32
		{C1DAF26E-2EB4-5ACB-B14F-63FAC34FE78B}.Release|x64.ActiveCfg = Release|x64
		{C1DAF26E-2EB4-5ACB-B14F-63FAC34FE78B}.Release|x64.Build.0 = Release|x64
		{C1DAF26E-2EB4-5ACB-B14F-63FAC34FE78B}.Release|Win32.ActiveCfg = Release|Win32
		{C1DAF26E-2EB4-5ACB-B14F-63FAC34FE78B}.Release|Win32.Build.0 = Release|Win32
		{D3A3C2BC-AE41-DED9-E35B-6625AC56143F}.Debug|x64.ActiveCfg = Debug|x64
		{D3A3C2BC-AE41-DED9-E35B-6625AC56143F}.Debug|x64.Build.0 = Debug|x64
		{D3A3C2BC-AE41-DED9-E35B-6625AC56143F}.Debug|Win32.ActiveCfg = Debug|Win32
		{D3A3C2BC-AE41-DED9-E35B-6625AC56143F}.Debug|Win32.Build.0 = Debug|Win32
		{D3A3C2BC-AE41-DED9-E35B-6625AC56143F}.Release|x64.ActiveCfg = Release|x64
		{D3A3C2BC-AE41-DED9-E35B-6625AC56143F}.Release|x64.Build.0 = Release|x64
		{D3A3C2BC-AE41-DED9-E35B-6625AC56143F}.Release|Win32.ActiveCfg = Release|Win32
		{D3A3C2BC-AE41-DED9-E35B-6625AC56143F}.Release|Win32.Build.0 = Release|Win32
		{DA6C1955-72CB-2D2E-387A-CF7AA864E5B0}.Debug|x64.ActiveCfg = Debug|x64
		{DA6C1955-72CB-2D2E-387A-CF7AA864E5B0}.Debug|x64.Build.0 = Debug|x64
		{DA6C1955-72CB-2D2E-387A-CF7AA864E5B0}.Debug|Win32.ActiveCfg = Debug|Win32
		{DA6C1955-72CB-2D2E-387A-CF7AA864E5B0}.Debug|Win32.Build.0 = Debug|Win32
		{DA6C1955-72CB-2D2E-387A-CF7AA864E5B0}.Release|x64.ActiveCfg = Release|x64
		{DA6C1955-72CB-2D2E-387A-CF7AA864E5B0}.Release|x64.Build.0 = Release|x64
		{DA6C1955-72CB-2D2E-387A-CF7AA864E5B0}.Release|Win32.ActiveCfg = Release|Win32
		{DA6C1955-72CB-2D2E-387A-CF7AA864E5B0}.Release|Win32.Build.0 = Release|Win32
		{E3BE9494-42B3-088D-7B04-78249CCF9120}.Debug|x64.ActiveCfg = Debug|x64
		{E3BE9494-42B3-088D-7B04-78249CCF9120}.Debug|x64.Build.0 = Debug|x64
		{E3BE9494-42B3-088D-7B04-78249CCF9120}.Debug|Win32.ActiveCfg = Debug|Win32
		{E3BE9494-42B3-088D-7B04-78249CCF9120}.Debug|Win32.Build.0 = Debug|Win32
		{E3BE9494-42B3-088D-7B04-78249CCF9120}.Release|x64.ActiveCfg = Release|x64
		{E3BE9494-42B3-088D-7B04-78249CCF9120}.Release|x64.Build.0 = Release|x64
		{E3BE9494-42B3-088D-7B04-78249CCF9120}.Release|Win32.ActiveCfg = Release|Win32
		{E3BE9494-42B3-088D-7B04-78249CCF9120}.Release|Win32.Build.0 = Release|Win32
	EndGlobalSection
	GlobalSection(SolutionProperties) = preSolution
		HideSolutionNode = FALSE
	EndGlobalSection
	GlobalSection(NestedProjects) = preSolution
		{A5B5873A-E88B-062D-D00B-BE24F77B87D4} = {6478B9F3-4858-63F4-35F4-98A303E305F3}
		{C1DAF26E-2EB4-5ACB-B14F-63FAC34FE78B} = {6478B9F3-4858-63F4-35F4-98A303E305F3}
		{09543265-EB27-1F8A-E7C4-3DDDFF05E146} = {6478B9F3-4858-63F4-35F4-98A303E305F3}
		{4010A458-2408-34D9-D276-696D1F50BD05} = {6478B9F3-4858-63F4-35F4-98A303E305F3}
		{B2A86454-5165-779C-5264-DC80EC50CBC9} = {6478B9F3-4858-63F4-35F4-98A303E305F3}
		{B69F4967-97FE-8B69-D2CA-139C4FC53488} = {6478B9F3-4858-63F4-35F4-98A303E305F3}
		{6478B9F3-4858-63F4-35F4-98A303E305F3} = {9785FB75-982A-5DE3-252D-3F288B9FEF5B}
		{3E7FA5AF-27B3-2DE0-883C-12F98E7F4E81} = {9785FB75-982A-5DE3-252D-3F288B9FEF5B}
		{9F243C00-D946-A8FE-6635-62E5C6156C53} = {9785FB75-982A-5DE3-252D-3F288B9FEF5B}
		{DA6C1955-72CB-2D2E-387A-CF7AA864E5B0} = {9785FB75-982A-5DE3-252D-3F288B9FEF5B}
		{D3A3C2BC-AE41-DED9-E35B-6625AC56143F} = {EAC80D00-01D2-3F49-A377-20B7154947F3}
		{BEEAF22C-E123-29C3-157E-44C9D6E557CB} = {EAC80D00-01D2-3F49-A377-20B7154947F3}
		{10F79D67-3CCF-91C0-1CA3-983876CFE57F} = {3E7FA5AF-27B3-2DE0-883C-12F98E7F4E81}
		{E3BE9494-42B3-088D-7B04-78249CCF9120} = {89C816A7-DD31-D54C-C69C-5A80E0C49B77}
	EndGlobalSection
EndGlobal
