Microsoft Visual Studio Solution File, Format Version 13.00
# Visual Studio 2013
Project("{2150E333-8FDC-42A3-9474-1A3956D46DE8}") = "(base)", "..\..\base", "{9785FB75-982A-5DE3-252D-3F288B9FEF5B}"
EndProject
Project("{2150E333-8FDC-42A3-9474-1A3956D46DE8}") = "(icu)", "..\..\third_party\icu", "{2DE59335-96CE-10CA-CDE5-FEC35E3549BB}"
EndProject
Project("{2150E333-8FDC-42A3-9474-1A3956D46DE8}") = "(native_client)", "..\..\native_client", "{829C43DA-1372-614D-F044-340432AECC41}"
EndProject
Project("{2150E333-8FDC-42A3-9474-1A3956D46DE8}") = "(third_party)", "..\..\third_party", "{89C816A7-DD31-D54C-C69C-5A80E0C49B77}"
EndProject
Project("{8BC9CEB8-8B4A-11D0-8D11-00A0C91BC942}") = "base_i18n_nacl", "base_i18n_nacl.vcxproj", "{46413958-C669-B185-D688-D43B83A470A4}"
	ProjectSection(ProjectDependencies) = postProject
		{3E4F0AA0-C453-B7CA-0403-76AFE2719EA7} = {3E4F0AA0-C453-B7CA-0403-76AFE2719EA7}
		{C8C325AC-D7E2-1B0F-1FAF-B8406D96E260} = {C8C325AC-D7E2-1B0F-1FAF-B8406D96E260}
		{416CFEEE-D99A-8CD3-7BB9-E68CA860FEB0} = {416CFEEE-D99A-8CD3-7BB9-E68CA860FEB0}
		{48E048EF-DEED-03C3-959B-EE1276F45D79} = {48E048EF-DEED-03C3-959B-EE1276F45D79}
	EndProjectSection
EndProject
Project("{8BC9CEB8-8B4A-11D0-8D11-00A0C91BC942}") = "base_nacl", "base_nacl.vcxproj", "{9BE6C287-5172-1111-75AF-197AC1611579}"
	ProjectSection(ProjectDependencies) = postProject
		{48E048EF-DEED-03C3-959B-EE1276F45D79} = {48E048EF-DEED-03C3-959B-EE1276F45D79}
	EndProjectSection
EndProject
Project("{8BC9CEB8-8B4A-11D0-8D11-00A0C91BC942}") = "crt_fini_32", "..\native_client\crt_fini_32.vcxproj", "{83F034B2-F38D-BE31-B359-220D9B7D49A1}"
	ProjectSection(ProjectDependencies) = postProject
		{896D2137-D4BA-AE75-CDA4-C9A724A6F11D} = {896D2137-D4BA-AE75-CDA4-C9A724A6F11D}
		{5184D524-C9F4-17FA-92E1-0FD0A3248A1B} = {5184D524-C9F4-17FA-92E1-0FD0A3248A1B}
	EndProjectSection
EndProject
Project("{8BC9CEB8-8B4A-11D0-8D11-00A0C91BC942}") = "crt_fini_64", "..\native_client\crt_fini_64.vcxproj", "{5DB7C9D5-468E-A177-5ECF-F4325E7D51F4}"
	ProjectSection(ProjectDependencies) = postProject
		{896D2137-D4BA-AE75-CDA4-C9A724A6F11D} = {896D2137-D4BA-AE75-CDA4-C9A724A6F11D}
		{5184D524-C9F4-17FA-92E1-0FD0A3248A1B} = {5184D524-C9F4-17FA-92E1-0FD0A3248A1B}
	EndProjectSection
EndProject
Project("{8BC9CEB8-8B4A-11D0-8D11-00A0C91BC942}") = "crt_init_32", "..\native_client\crt_init_32.vcxproj", "{E73A9B24-ED07-EBF9-063F-36B618188841}"
	ProjectSection(ProjectDependencies) = postProject
		{896D2137-D4BA-AE75-CDA4-C9A724A6F11D} = {896D2137-D4BA-AE75-CDA4-C9A724A6F11D}
		{5184D524-C9F4-17FA-92E1-0FD0A3248A1B} = {5184D524-C9F4-17FA-92E1-0FD0A3248A1B}
	EndProjectSection
EndProject
Project("{8BC9CEB8-8B4A-11D0-8D11-00A0C91BC942}") = "crt_init_64", "..\native_client\crt_init_64.vcxproj", "{32645569-784A-872A-2560-38B88739A9F7}"
	ProjectSection(ProjectDependencies) = postProject
		{896D2137-D4BA-AE75-CDA4-C9A724A6F11D} = {896D2137-D4BA-AE75-CDA4-C9A724A6F11D}
		{5184D524-C9F4-17FA-92E1-0FD0A3248A1B} = {5184D524-C9F4-17FA-92E1-0FD0A3248A1B}
	EndProjectSection
EndProject
Project("{8BC9CEB8-8B4A-11D0-8D11-00A0C91BC942}") = "icudata_nacl", "..\third_party\icu\icudata_nacl.vcxproj", "{3E4F0AA0-C453-B7CA-0403-76AFE2719EA7}"
	ProjectSection(ProjectDependencies) = postProject
		{48E048EF-DEED-03C3-959B-EE1276F45D79} = {48E048EF-DEED-03C3-959B-EE1276F45D79}
	EndProjectSection
EndProject
Project("{8BC9CEB8-8B4A-11D0-8D11-00A0C91BC942}") = "icui18n_nacl", "..\third_party\icu\icui18n_nacl.vcxproj", "{C8C325AC-D7E2-1B0F-1FAF-B8406D96E260}"
	ProjectSection(ProjectDependencies) = postProject
		{48E048EF-DEED-03C3-959B-EE1276F45D79} = {48E048EF-DEED-03C3-959B-EE1276F45D79}
		{416CFEEE-D99A-8CD3-7BB9-E68CA860FEB0} = {416CFEEE-D99A-8CD3-7BB9-E68CA860FEB0}
	EndProjectSection
EndProject
Project("{8BC9CEB8-8B4A-11D0-8D11-00A0C91BC942}") = "icuuc_nacl", "..\third_party\icu\icuuc_nacl.vcxproj", "{416CFEEE-D99A-8CD3-7BB9-E68CA860FEB0}"
	ProjectSection(ProjectDependencies) = postProject
		{48E048EF-DEED-03C3-959B-EE1276F45D79} = {48E048EF-DEED-03C3-959B-EE1276F45D79}
		{3E4F0AA0-C453-B7CA-0403-76AFE2719EA7} = {3E4F0AA0-C453-B7CA-0403-76AFE2719EA7}
	EndProjectSection
EndProject
Project("{8BC9CEB8-8B4A-11D0-8D11-00A0C91BC942}") = "prep_nacl_sdk", "..\native_client\prep_nacl_sdk.vcxproj", "{5184D524-C9F4-17FA-92E1-0FD0A3248A1B}"
	ProjectSection(ProjectDependencies) = postProject
		{896D2137-D4BA-AE75-CDA4-C9A724A6F11D} = {896D2137-D4BA-AE75-CDA4-C9A724A6F11D}
	EndProjectSection
EndProject
Project("{8BC9CEB8-8B4A-11D0-8D11-00A0C91BC942}") = "prep_toolchain", "..\native_client\prep_toolchain.vcxproj", "{48E048EF-DEED-03C3-959B-EE1276F45D79}"
	ProjectSection(ProjectDependencies) = postProject
		{896D2137-D4BA-AE75-CDA4-C9A724A6F11D} = {896D2137-D4BA-AE75-CDA4-C9A724A6F11D}
		{5184D524-C9F4-17FA-92E1-0FD0A3248A1B} = {5184D524-C9F4-17FA-92E1-0FD0A3248A1B}
		{E73A9B24-ED07-EBF9-063F-36B618188841} = {E73A9B24-ED07-EBF9-063F-36B618188841}
		{83F034B2-F38D-BE31-B359-220D9B7D49A1} = {83F034B2-F38D-BE31-B359-220D9B7D49A1}
		{32645569-784A-872A-2560-38B88739A9F7} = {32645569-784A-872A-2560-38B88739A9F7}
		{5DB7C9D5-468E-A177-5ECF-F4325E7D51F4} = {5DB7C9D5-468E-A177-5ECF-F4325E7D51F4}
	EndProjectSection
EndProject
Project("{8BC9CEB8-8B4A-11D0-8D11-00A0C91BC942}") = "untar_toolchains", "..\native_client\untar_toolchains.vcxproj", "{896D2137-D4BA-AE75-CDA4-C9A724A6F11D}"
EndProject
Global
	GlobalSection(SolutionConfigurationPlatforms) = preSolution
		Debug|x64 = Debug|x64
		Debug|Win32 = Debug|Win32
		Release|x64 = Release|x64
		Release|Win32 = Release|Win32
	EndGlobalSection
	GlobalSection(ProjectConfigurationPlatforms) = postSolution
		{32645569-784A-872A-2560-38B88739A9F7}.Debug|x64.ActiveCfg = Debug|x64
		{32645569-784A-872A-2560-38B88739A9F7}.Debug|x64.Build.0 = Debug|x64
		{32645569-784A-872A-2560-38B88739A9F7}.Debug|Win32.ActiveCfg = Debug|Win32
		{32645569-784A-872A-2560-38B88739A9F7}.Debug|Win32.Build.0 = Debug|Win32
		{32645569-784A-872A-2560-38B88739A9F7}.Release|x64.ActiveCfg = Release|x64
		{32645569-784A-872A-2560-38B88739A9F7}.Release|x64.Build.0 = Release|x64
		{32645569-784A-872A-2560-38B88739A9F7}.Release|Win32.ActiveCfg = Release|Win32
		{32645569-784A-872A-2560-38B88739A9F7}.Release|Win32.Build.0 = Release|Win32
		{3E4F0AA0-C453-B7CA-0403-76AFE2719EA7}.Debug|x64.ActiveCfg = Debug|x64
		{3E4F0AA0-C453-B7CA-0403-76AFE2719EA7}.Debug|x64.Build.0 = Debug|x64
		{3E4F0AA0-C453-B7CA-0403-76AFE2719EA7}.Debug|Win32.ActiveCfg = Debug|Win32
		{3E4F0AA0-C453-B7CA-0403-76AFE2719EA7}.Debug|Win32.Build.0 = Debug|Win32
		{3E4F0AA0-C453-B7CA-0403-76AFE2719EA7}.Release|x64.ActiveCfg = Release|x64
		{3E4F0AA0-C453-B7CA-0403-76AFE2719EA7}.Release|x64.Build.0 = Release|x64
		{3E4F0AA0-C453-B7CA-0403-76AFE2719EA7}.Release|Win32.ActiveCfg = Release|Win32
		{3E4F0AA0-C453-B7CA-0403-76AFE2719EA7}.Release|Win32.Build.0 = Release|Win32
		{416CFEEE-D99A-8CD3-7BB9-E68CA860FEB0}.Debug|x64.ActiveCfg = Debug|x64
		{416CFEEE-D99A-8CD3-7BB9-E68CA860FEB0}.Debug|x64.Build.0 = Debug|x64
		{416CFEEE-D99A-8CD3-7BB9-E68CA860FEB0}.Debug|Win32.ActiveCfg = Debug|Win32
		{416CFEEE-D99A-8CD3-7BB9-E68CA860FEB0}.Debug|Win32.Build.0 = Debug|Win32
		{416CFEEE-D99A-8CD3-7BB9-E68CA860FEB0}.Release|x64.ActiveCfg = Release|x64
		{416CFEEE-D99A-8CD3-7BB9-E68CA860FEB0}.Release|x64.Build.0 = Release|x64
		{416CFEEE-D99A-8CD3-7BB9-E68CA860FEB0}.Release|Win32.ActiveCfg = Release|Win32
		{416CFEEE-D99A-8CD3-7BB9-E68CA860FEB0}.Release|Win32.Build.0 = Release|Win32
		{46413958-C669-B185-D688-D43B83A470A4}.Debug|x64.ActiveCfg = Debug|x64
		{46413958-C669-B185-D688-D43B83A470A4}.Debug|x64.Build.0 = Debug|x64
		{46413958-C669-B185-D688-D43B83A470A4}.Debug|Win32.ActiveCfg = Debug|Win32
		{46413958-C669-B185-D688-D43B83A470A4}.Debug|Win32.Build.0 = Debug|Win32
		{46413958-C669-B185-D688-D43B83A470A4}.Release|x64.ActiveCfg = Release|x64
		{46413958-C669-B185-D688-D43B83A470A4}.Release|x64.Build.0 = Release|x64
		{46413958-C669-B185-D688-D43B83A470A4}.Release|Win32.ActiveCfg = Release|Win32
		{46413958-C669-B185-D688-D43B83A470A4}.Release|Win32.Build.0 = Release|Win32
		{48E048EF-DEED-03C3-959B-EE1276F45D79}.Debug|x64.ActiveCfg = Debug|x64
		{48E048EF-DEED-03C3-959B-EE1276F45D79}.Debug|x64.Build.0 = Debug|x64
		{48E048EF-DEED-03C3-959B-EE1276F45D79}.Debug|Win32.ActiveCfg = Debug|Win32
		{48E048EF-DEED-03C3-959B-EE1276F45D79}.Debug|Win32.Build.0 = Debug|Win32
		{48E048EF-DEED-03C3-959B-EE1276F45D79}.Release|x64.ActiveCfg = Release|x64
		{48E048EF-DEED-03C3-959B-EE1276F45D79}.Release|x64.Build.0 = Release|x64
		{48E048EF-DEED-03C3-959B-EE1276F45D79}.Release|Win32.ActiveCfg = Release|Win32
		{48E048EF-DEED-03C3-959B-EE1276F45D79}.Release|Win32.Build.0 = Release|Win32
		{5184D524-C9F4-17FA-92E1-0FD0A3248A1B}.Debug|x64.ActiveCfg = Debug|x64
		{5184D524-C9F4-17FA-92E1-0FD0A3248A1B}.Debug|x64.Build.0 = Debug|x64
		{5184D524-C9F4-17FA-92E1-0FD0A3248A1B}.Debug|Win32.ActiveCfg = Debug|Win32
		{5184D524-C9F4-17FA-92E1-0FD0A3248A1B}.Debug|Win32.Build.0 = Debug|Win32
		{5184D524-C9F4-17FA-92E1-0FD0A3248A1B}.Release|x64.ActiveCfg = Release|x64
		{5184D524-C9F4-17FA-92E1-0FD0A3248A1B}.Release|x64.Build.0 = Release|x64
		{5184D524-C9F4-17FA-92E1-0FD0A3248A1B}.Release|Win32.ActiveCfg = Release|Win32
		{5184D524-C9F4-17FA-92E1-0FD0A3248A1B}.Release|Win32.Build.0 = Release|Win32
		{5DB7C9D5-468E-A177-5ECF-F4325E7D51F4}.Debug|x64.ActiveCfg = Debug|x64
		{5DB7C9D5-468E-A177-5ECF-F4325E7D51F4}.Debug|x64.Build.0 = Debug|x64
		{5DB7C9D5-468E-A177-5ECF-F4325E7D51F4}.Debug|Win32.ActiveCfg = Debug|Win32
		{5DB7C9D5-468E-A177-5ECF-F4325E7D51F4}.Debug|Win32.Build.0 = Debug|Win32
		{5DB7C9D5-468E-A177-5ECF-F4325E7D51F4}.Release|x64.ActiveCfg = Release|x64
		{5DB7C9D5-468E-A177-5ECF-F4325E7D51F4}.Release|x64.Build.0 = Release|x64
		{5DB7C9D5-468E-A177-5ECF-F4325E7D51F4}.Release|Win32.ActiveCfg = Release|Win32
		{5DB7C9D5-468E-A177-5ECF-F4325E7D51F4}.Release|Win32.Build.0 = Release|Win32
		{83F034B2-F38D-BE31-B359-220D9B7D49A1}.Debug|x64.ActiveCfg = Debug|x64
		{83F034B2-F38D-BE31-B359-220D9B7D49A1}.Debug|x64.Build.0 = Debug|x64
		{83F034B2-F38D-BE31-B359-220D9B7D49A1}.Debug|Win32.ActiveCfg = Debug|Win32
		{83F034B2-F38D-BE31-B359-220D9B7D49A1}.Debug|Win32.Build.0 = Debug|Win32
		{83F034B2-F38D-BE31-B359-220D9B7D49A1}.Release|x64.ActiveCfg = Release|x64
		{83F034B2-F38D-BE31-B359-220D9B7D49A1}.Release|x64.Build.0 = Release|x64
		{83F034B2-F38D-BE31-B359-220D9B7D49A1}.Release|Win32.ActiveCfg = Release|Win32
		{83F034B2-F38D-BE31-B359-220D9B7D49A1}.Release|Win32.Build.0 = Release|Win32
		{896D2137-D4BA-AE75-CDA4-C9A724A6F11D}.Debug|x64.ActiveCfg = Debug|x64
		{896D2137-D4BA-AE75-CDA4-C9A724A6F11D}.Debug|x64.Build.0 = Debug|x64
		{896D2137-D4BA-AE75-CDA4-C9A724A6F11D}.Debug|Win32.ActiveCfg = Debug|Win32
		{896D2137-D4BA-AE75-CDA4-C9A724A6F11D}.Debug|Win32.Build.0 = Debug|Win32
		{896D2137-D4BA-AE75-CDA4-C9A724A6F11D}.Release|x64.ActiveCfg = Release|x64
		{896D2137-D4BA-AE75-CDA4-C9A724A6F11D}.Release|x64.Build.0 = Release|x64
		{896D2137-D4BA-AE75-CDA4-C9A724A6F11D}.Release|Win32.ActiveCfg = Release|Win32
		{896D2137-D4BA-AE75-CDA4-C9A724A6F11D}.Release|Win32.Build.0 = Release|Win32
		{9BE6C287-5172-1111-75AF-197AC1611579}.Debug|x64.ActiveCfg = Debug|x64
		{9BE6C287-5172-1111-75AF-197AC1611579}.Debug|x64.Build.0 = Debug|x64
		{9BE6C287-5172-1111-75AF-197AC1611579}.Debug|Win32.ActiveCfg = Debug|Win32
		{9BE6C287-5172-1111-75AF-197AC1611579}.Debug|Win32.Build.0 = Debug|Win32
		{9BE6C287-5172-1111-75AF-197AC1611579}.Release|x64.ActiveCfg = Release|x64
		{9BE6C287-5172-1111-75AF-197AC1611579}.Release|x64.Build.0 = Release|x64
		{9BE6C287-5172-1111-75AF-197AC1611579}.Release|Win32.ActiveCfg = Release|Win32
		{9BE6C287-5172-1111-75AF-197AC1611579}.Release|Win32.Build.0 = Release|Win32
		{C8C325AC-D7E2-1B0F-1FAF-B8406D96E260}.Debug|x64.ActiveCfg = Debug|x64
		{C8C325AC-D7E2-1B0F-1FAF-B8406D96E260}.Debug|x64.Build.0 = Debug|x64
		{C8C325AC-D7E2-1B0F-1FAF-B8406D96E260}.Debug|Win32.ActiveCfg = Debug|Win32
		{C8C325AC-D7E2-1B0F-1FAF-B8406D96E260}.Debug|Win32.Build.0 = Debug|Win32
		{C8C325AC-D7E2-1B0F-1FAF-B8406D96E260}.Release|x64.ActiveCfg = Release|x64
		{C8C325AC-D7E2-1B0F-1FAF-B8406D96E260}.Release|x64.Build.0 = Release|x64
		{C8C325AC-D7E2-1B0F-1FAF-B8406D96E260}.Release|Win32.ActiveCfg = Release|Win32
		{C8C325AC-D7E2-1B0F-1FAF-B8406D96E260}.Release|Win32.Build.0 = Release|Win32
		{E73A9B24-ED07-EBF9-063F-36B618188841}.Debug|x64.ActiveCfg = Debug|x64
		{E73A9B24-ED07-EBF9-063F-36B618188841}.Debug|x64.Build.0 = Debug|x64
		{E73A9B24-ED07-EBF9-063F-36B618188841}.Debug|Win32.ActiveCfg = Debug|Win32
		{E73A9B24-ED07-EBF9-063F-36B618188841}.Debug|Win32.Build.0 = Debug|Win32
		{E73A9B24-ED07-EBF9-063F-36B618188841}.Release|x64.ActiveCfg = Release|x64
		{E73A9B24-ED07-EBF9-063F-36B618188841}.Release|x64.Build.0 = Release|x64
		{E73A9B24-ED07-EBF9-063F-36B618188841}.Release|Win32.ActiveCfg = Release|Win32
		{E73A9B24-ED07-EBF9-063F-36B618188841}.Release|Win32.Build.0 = Release|Win32
	EndGlobalSection
	GlobalSection(SolutionProperties) = preSolution
		HideSolutionNode = FALSE
	EndGlobalSection
	GlobalSection(NestedProjects) = preSolution
		{46413958-C669-B185-D688-D43B83A470A4} = {9785FB75-982A-5DE3-252D-3F288B9FEF5B}
		{9BE6C287-5172-1111-75AF-197AC1611579} = {9785FB75-982A-5DE3-252D-3F288B9FEF5B}
		{3E4F0AA0-C453-B7CA-0403-76AFE2719EA7} = {2DE59335-96CE-10CA-CDE5-FEC35E3549BB}
		{C8C325AC-D7E2-1B0F-1FAF-B8406D96E260} = {2DE59335-96CE-10CA-CDE5-FEC35E3549BB}
		{416CFEEE-D99A-8CD3-7BB9-E68CA860FEB0} = {2DE59335-96CE-10CA-CDE5-FEC35E3549BB}
		{83F034B2-F38D-BE31-B359-220D9B7D49A1} = {829C43DA-1372-614D-F044-340432AECC41}
		{5DB7C9D5-468E-A177-5ECF-F4325E7D51F4} = {829C43DA-1372-614D-F044-340432AECC41}
		{E73A9B24-ED07-EBF9-063F-36B618188841} = {829C43DA-1372-614D-F044-340432AECC41}
		{32645569-784A-872A-2560-38B88739A9F7} = {829C43DA-1372-614D-F044-340432AECC41}
		{5184D524-C9F4-17FA-92E1-0FD0A3248A1B} = {829C43DA-1372-614D-F044-340432AECC41}
		{48E048EF-DEED-03C3-959B-EE1276F45D79} = {829C43DA-1372-614D-F044-340432AECC41}
		{896D2137-D4BA-AE75-CDA4-C9A724A6F11D} = {829C43DA-1372-614D-F044-340432AECC41}
		{2DE59335-96CE-10CA-CDE5-FEC35E3549BB} = {89C816A7-DD31-D54C-C69C-5A80E0C49B77}
	EndGlobalSection
EndGlobal
